{
    "version": 3,
    "terraform_version": "0.7.1",
    "serial": 5,
    "lineage": "a91ac53e-1acb-4889-809b-4d5d0c29a454",
    "modules": [
        {
            "path": [
                "root"
            ],
            "outputs": {
                "deployment-root-eip": {
                    "sensitive": false,
                    "type": "string",
                    "value": "52.34.134.5"
                }
            },
            "resources": {
                "aws_s3_bucket.backups": {
                    "type": "aws_s3_bucket",
                    "depends_on": [],
                    "primary": {
                        "id": "navopt-backups-dev",
                        "attributes": {
                            "acceleration_status": "",
                            "acl": "private",
                            "arn": "arn:aws:s3:::navopt-backups-dev",
                            "bucket": "navopt-backups-dev",
                            "force_destroy": "false",
                            "hosted_zone_id": "Z3BJ6K6RIION7M",
                            "id": "navopt-backups-dev",
                            "lifecycle_rule.#": "1",
                            "lifecycle_rule.0.abort_incomplete_multipart_upload_days": "0",
                            "lifecycle_rule.0.enabled": "true",
                            "lifecycle_rule.0.expiration.#": "1",
                            "lifecycle_rule.0.expiration.4129135488.date": "",
                            "lifecycle_rule.0.expiration.4129135488.days": "5",
                            "lifecycle_rule.0.expiration.4129135488.expired_object_delete_marker": "false",
                            "lifecycle_rule.0.id": "redis-backups",
                            "lifecycle_rule.0.noncurrent_version_expiration.#": "0",
                            "lifecycle_rule.0.noncurrent_version_transition.#": "0",
                            "lifecycle_rule.0.prefix": "redis-backups/",
                            "lifecycle_rule.0.transition.#": "0",
                            "policy": "",
                            "region": "us-west-2",
                            "request_payer": "BucketOwner",
                            "tags.%": "0",
                            "website.#": "0"
                        },
                        "meta": {},
                        "tainted": false
                    },
                    "deposed": [],
                    "provider": ""
                },
                "data.terraform_remote_state.networking": {
                    "type": "terraform_remote_state",
                    "depends_on": [],
                    "primary": {
                        "id": "2016-08-29 22:57:11.26984162 +0000 UTC",
                        "attributes": {
                            "availability_zones.#": "1",
                            "availability_zones.0": "us-west-2a,us-west-2b,us-west-2c",
                            "backend": "s3",
                            "config.%": "4",
                            "config.bucket": "cloudera-terraform-infrastructure",
                            "config.key": "dev/navopt-us-west-2-dev/terraform.tfstate",
                            "config.profile": "navopt_dev",
                            "config.region": "us-west-2",
                            "dns_zone_id": "Z1MO1QDL8DH0BH",
                            "dns_zone_name": "navopt-dev.cloudera.com",
                            "id": "2016-08-29 22:57:11.26984162 +0000 UTC",
                            "private_subnet_ids.#": "3",
                            "private_subnet_ids.0": "subnet-dc3549aa",
                            "private_subnet_ids.1": "subnet-3a7e5a5e",
                            "private_subnet_ids.2": "subnet-27ba067f",
                            "public_subnet_ids.#": "3",
                            "public_subnet_ids.0": "subnet-4d3f433b",
                            "public_subnet_ids.1": "subnet-0c705468",
                            "public_subnet_ids.2": "subnet-56be020e",
                            "vpc_cidr": "10.34.0.0/16",
                            "vpc_id": "vpc-1a6e597e"
                        },
                        "meta": {},
                        "tainted": false
                    },
                    "deposed": [],
                    "provider": ""
                }
            },
            "depends_on": []
        },
        {
            "path": [
                "root",
                "admin"
            ],
            "outputs": {},
            "resources": {
                "aws_instance.admin": {
                    "type": "aws_instance",
                    "depends_on": [
                        "module.bitnami_nodejs"
                    ],
                    "primary": {
                        "id": "i-0444a5eeee639b694",
                        "attributes": {
                            "ami": "ami-e98f7089",
                            "availability_zone": "us-west-2a",
                            "disable_api_termination": "false",
                            "ebs_block_device.#": "0",
                            "ebs_optimized": "false",
                            "ephemeral_block_device.#": "0",
                            "iam_instance_profile": "admin",
                            "id": "i-0444a5eeee639b694",
                            "instance_state": "running",
                            "instance_type": "t2.micro",
                            "key_name": "navopt-us-west-2-dev",
                            "monitoring": "false",
                            "network_interface_id": "eni-2302e56d",
                            "private_dns": "ip-10-34-137-225.us-west-2.compute.internal",
                            "private_ip": "10.34.137.225",
                            "public_dns": "",
                            "public_ip": "",
                            "root_block_device.#": "1",
                            "root_block_device.0.delete_on_termination": "true",
                            "root_block_device.0.iops": "100",
                            "root_block_device.0.volume_size": "10",
                            "root_block_device.0.volume_type": "gp2",
                            "security_groups.#": "0",
                            "source_dest_check": "true",
                            "subnet_id": "subnet-4d3f433b",
                            "tags.%": "4",
                            "tags.Cluster": "dev",
                            "tags.Environment": "dev",
                            "tags.Name": "admin",
                            "tags.Terraform": "managed",
                            "tenancy": "default",
                            "vpc_security_group_ids.#": "1",
                            "vpc_security_group_ids.2706226954": "sg-6404e51d"
                        },
                        "meta": {
                            "schema_version": "1"
                        },
                        "tainted": false
                    },
                    "deposed": [],
                    "provider": ""
                },
                "aws_route53_record.admin": {
                    "type": "aws_route53_record",
                    "depends_on": [
                        "aws_instance.admin"
                    ],
                    "primary": {
                        "id": "Z1MO1QDL8DH0BH_admin_A",
                        "attributes": {
                            "fqdn": "admin.navopt-dev.cloudera.com",
                            "health_check_id": "",
                            "id": "Z1MO1QDL8DH0BH_admin_A",
                            "name": "admin",
                            "records.#": "1",
                            "records.1250426542": "10.34.137.225",
                            "set_identifier": "",
                            "ttl": "5",
                            "type": "A",
                            "zone_id": "Z1MO1QDL8DH0BH"
                        },
                        "meta": {
                            "schema_version": "2"
                        },
                        "tainted": false
                    },
                    "deposed": [],
                    "provider": ""
                }
            },
            "depends_on": []
        },
        {
            "path": [
                "root",
                "backoffice"
            ],
            "outputs": {},
            "resources": {
                "aws_instance.default": {
                    "type": "aws_instance",
                    "depends_on": [
                        "module.ubuntu"
                    ],
                    "primary": {
                        "id": "i-09b6b8f718a1839fd",
                        "attributes": {
                            "ami": "ami-8c4cb0ec",
                            "availability_zone": "us-west-2a",
                            "disable_api_termination": "false",
                            "ebs_block_device.#": "0",
                            "ebs_optimized": "false",
                            "ephemeral_block_device.#": "0",
                            "iam_instance_profile": "backoffice",
                            "id": "i-09b6b8f718a1839fd",
                            "instance_state": "running",
                            "instance_type": "t2.medium",
                            "key_name": "navopt-us-west-2-dev",
                            "monitoring": "false",
                            "network_interface_id": "eni-f004e3be",
                            "private_dns": "ip-10-34-192-55.us-west-2.compute.internal",
                            "private_ip": "10.34.192.55",
                            "public_dns": "",
                            "public_ip": "",
                            "root_block_device.#": "1",
                            "root_block_device.0.delete_on_termination": "true",
                            "root_block_device.0.iops": "100",
                            "root_block_device.0.volume_size": "8",
                            "root_block_device.0.volume_type": "gp2",
                            "security_groups.#": "0",
                            "source_dest_check": "true",
                            "subnet_id": "subnet-dc3549aa",
                            "tags.%": "4",
                            "tags.Cluster": "dev",
                            "tags.Environment": "dev",
                            "tags.Name": "backoffice",
                            "tags.Terraform": "managed",
                            "tenancy": "default",
                            "vpc_security_group_ids.#": "1",
                            "vpc_security_group_ids.2971803947": "sg-5304e52a"
                        },
                        "meta": {
                            "schema_version": "1"
                        },
                        "tainted": false
                    },
                    "deposed": [],
                    "provider": ""
                },
                "aws_route53_record.default": {
                    "type": "aws_route53_record",
                    "depends_on": [
                        "aws_instance.default"
                    ],
                    "primary": {
                        "id": "Z1MO1QDL8DH0BH_backoffice-0_A",
                        "attributes": {
                            "fqdn": "backoffice-0.navopt-dev.cloudera.com",
                            "health_check_id": "",
                            "id": "Z1MO1QDL8DH0BH_backoffice-0_A",
                            "name": "backoffice-0",
                            "records.#": "1",
                            "records.4219106432": "10.34.192.55",
                            "set_identifier": "",
                            "ttl": "5",
                            "type": "A",
                            "zone_id": "Z1MO1QDL8DH0BH"
                        },
                        "meta": {
                            "schema_version": "2"
                        },
                        "tainted": false
                    },
                    "deposed": [],
                    "provider": ""
                }
            },
            "depends_on": []
        },
        {
            "path": [
                "root",
                "cloudera-exit-cidr"
            ],
            "outputs": {
                "cidr": {
                    "sensitive": false,
                    "type": "string",
                    "value": "74.217.76.96/27"
                }
            },
            "resources": {},
            "depends_on": []
        },
        {
            "path": [
                "root",
                "deployment-root"
            ],
            "outputs": {
                "eip": {
                    "sensitive": false,
                    "type": "string",
                    "value": "52.34.134.5"
                }
            },
            "resources": {
                "aws_eip.default": {
                    "type": "aws_eip",
                    "depends_on": [
                        "aws_instance.default"
                    ],
                    "primary": {
                        "id": "eipalloc-17945d70",
                        "attributes": {
                            "association_id": "eipassoc-4e348a36",
                            "domain": "vpc",
                            "id": "eipalloc-17945d70",
                            "instance": "i-0362261fd163a252d",
                            "network_interface": "eni-1706e159",
                            "private_ip": "10.34.134.219",
                            "public_ip": "52.34.134.5",
                            "vpc": "true"
                        },
                        "meta": {},
                        "tainted": false
                    },
                    "deposed": [],
                    "provider": ""
                },
                "aws_instance.default": {
                    "type": "aws_instance",
                    "depends_on": [
                        "module.ubuntu"
                    ],
                    "primary": {
                        "id": "i-0362261fd163a252d",
                        "attributes": {
                            "ami": "ami-8c4cb0ec",
                            "availability_zone": "us-west-2a",
                            "disable_api_termination": "false",
                            "ebs_block_device.#": "0",
                            "ebs_optimized": "false",
                            "ephemeral_block_device.#": "0",
                            "iam_instance_profile": "",
                            "id": "i-0362261fd163a252d",
                            "instance_state": "running",
                            "instance_type": "t2.micro",
                            "key_name": "navopt-us-west-2-dev",
                            "monitoring": "false",
                            "network_interface_id": "eni-1706e159",
                            "private_dns": "ip-10-34-134-219.us-west-2.compute.internal",
                            "private_ip": "10.34.134.219",
                            "public_dns": "ec2-52-34-134-5.us-west-2.compute.amazonaws.com",
                            "public_ip": "52.34.134.5",
                            "root_block_device.#": "1",
                            "root_block_device.0.delete_on_termination": "true",
                            "root_block_device.0.iops": "100",
                            "root_block_device.0.volume_size": "8",
                            "root_block_device.0.volume_type": "gp2",
                            "security_groups.#": "0",
                            "source_dest_check": "true",
                            "subnet_id": "subnet-4d3f433b",
                            "tags.%": "4",
                            "tags.Cluster": "dev",
                            "tags.Environment": "dev",
                            "tags.Name": "deployment-root",
                            "tags.Terraform": "managed",
                            "tenancy": "default",
                            "vpc_security_group_ids.#": "1",
                            "vpc_security_group_ids.1932462439": "sg-5e04e527"
                        },
                        "meta": {
                            "schema_version": "1"
                        },
                        "tainted": false
                    },
                    "deposed": [],
                    "provider": ""
                },
                "aws_route53_record.bastion": {
                    "type": "aws_route53_record",
                    "depends_on": [
                        "aws_instance.default"
                    ],
                    "primary": {
                        "id": "Z1MO1QDL8DH0BH_bastion_A",
                        "attributes": {
                            "fqdn": "bastion.navopt-dev.cloudera.com",
                            "health_check_id": "",
                            "id": "Z1MO1QDL8DH0BH_bastion_A",
                            "name": "bastion",
                            "records.#": "1",
                            "records.800889750": "10.34.134.219",
                            "set_identifier": "",
                            "ttl": "5",
                            "type": "A",
                            "zone_id": "Z1MO1QDL8DH0BH"
                        },
                        "meta": {
                            "schema_version": "2"
                        },
                        "tainted": false
                    },
                    "deposed": [],
                    "provider": ""
                }
            },
            "depends_on": []
        },
        {
            "path": [
                "root",
                "iam"
            ],
            "outputs": {
                "admin_instance_profile": {
                    "sensitive": false,
                    "type": "string",
                    "value": "admin"
                },
                "admin_role_name": {
                    "sensitive": false,
                    "type": "string",
                    "value": "admin"
                },
                "backoffice_instance_profile": {
                    "sensitive": false,
                    "type": "string",
                    "value": "backoffice"
                },
                "backoffice_role_name": {
                    "sensitive": false,
                    "type": "string",
                    "value": "backoffice"
                },
                "elasticsearch_instance_profile": {
                    "sensitive": false,
                    "type": "string",
                    "value": "elasticsearch"
                },
                "elasticsearch_role_name": {
                    "sensitive": false,
                    "type": "string",
                    "value": "elasticsearch"
                },
                "kibana_instance_profile": {
                    "sensitive": false,
                    "type": "string",
                    "value": "kibana"
                },
                "kibana_role_name": {
                    "sensitive": false,
                    "type": "string",
                    "value": "kibana"
                },
                "logstash_instance_profile": {
                    "sensitive": false,
                    "type": "string",
                    "value": "logstash"
                },
                "logstash_role_name": {
                    "sensitive": false,
                    "type": "string",
                    "value": "logstash"
                },
                "mongo_instance_profile": {
                    "sensitive": false,
                    "type": "string",
                    "value": "mongo"
                },
                "mongo_role_name": {
                    "sensitive": false,
                    "type": "string",
                    "value": "mongo"
                },
                "nginx_instance_profile": {
                    "sensitive": false,
                    "type": "string",
                    "value": "nginx"
                },
                "nginx_role_name": {
                    "sensitive": false,
                    "type": "string",
                    "value": "nginx"
                },
                "nodejs_instance_profile": {
                    "sensitive": false,
                    "type": "string",
                    "value": "nodejs"
                },
                "nodejs_role_name": {
                    "sensitive": false,
                    "type": "string",
                    "value": "nodejs"
                },
                "queue_server_instance_profile": {
                    "sensitive": false,
                    "type": "string",
                    "value": "queue_server"
                },
                "queue_server_role_name": {
                    "sensitive": false,
                    "type": "string",
                    "value": "queue_server"
                },
                "redis_instance_profile": {
                    "sensitive": false,
                    "type": "string",
                    "value": "redis"
                },
                "redis_role_name": {
                    "sensitive": false,
                    "type": "string",
                    "value": "redis"
                }
            },
            "resources": {
                "aws_iam_instance_profile.admin": {
                    "type": "aws_iam_instance_profile",
                    "depends_on": [
                        "aws_iam_role.admin"
                    ],
                    "primary": {
                        "id": "admin",
                        "attributes": {
                            "arn": "arn:aws:iam::128669107540:instance-profile/admin",
                            "id": "admin",
                            "name": "admin",
                            "path": "/",
                            "roles.#": "1",
                            "roles.2282622326": "admin"
                        },
                        "meta": {},
                        "tainted": false
                    },
                    "deposed": [],
                    "provider": ""
                },
                "aws_iam_instance_profile.backoffice": {
                    "type": "aws_iam_instance_profile",
                    "depends_on": [
                        "aws_iam_role.backoffice"
                    ],
                    "primary": {
                        "id": "backoffice",
                        "attributes": {
                            "arn": "arn:aws:iam::128669107540:instance-profile/backoffice",
                            "id": "backoffice",
                            "name": "backoffice",
                            "path": "/",
                            "roles.#": "1",
                            "roles.1875270714": "backoffice"
                        },
                        "meta": {},
                        "tainted": false
                    },
                    "deposed": [],
                    "provider": ""
                },
                "aws_iam_instance_profile.elasticsearch": {
                    "type": "aws_iam_instance_profile",
                    "depends_on": [
                        "aws_iam_role.elasticsearch"
                    ],
                    "primary": {
                        "id": "elasticsearch",
                        "attributes": {
                            "arn": "arn:aws:iam::128669107540:instance-profile/elasticsearch",
                            "id": "elasticsearch",
                            "name": "elasticsearch",
                            "path": "/",
                            "roles.#": "1",
                            "roles.1616083984": "elasticsearch"
                        },
                        "meta": {},
                        "tainted": false
                    },
                    "deposed": [],
                    "provider": ""
                },
                "aws_iam_instance_profile.kibana": {
                    "type": "aws_iam_instance_profile",
                    "depends_on": [
                        "aws_iam_role.kibana"
                    ],
                    "primary": {
                        "id": "kibana",
                        "attributes": {
                            "arn": "arn:aws:iam::128669107540:instance-profile/kibana",
                            "id": "kibana",
                            "name": "kibana",
                            "path": "/",
                            "roles.#": "1",
                            "roles.1579336318": "kibana"
                        },
                        "meta": {},
                        "tainted": false
                    },
                    "deposed": [],
                    "provider": ""
                },
                "aws_iam_instance_profile.logstash": {
                    "type": "aws_iam_instance_profile",
                    "depends_on": [
                        "aws_iam_role.logstash"
                    ],
                    "primary": {
                        "id": "logstash",
                        "attributes": {
                            "arn": "arn:aws:iam::128669107540:instance-profile/logstash",
                            "id": "logstash",
                            "name": "logstash",
                            "path": "/",
                            "roles.#": "1",
                            "roles.3727206127": "logstash"
                        },
                        "meta": {},
                        "tainted": false
                    },
                    "deposed": [],
                    "provider": ""
                },
                "aws_iam_instance_profile.mongo": {
                    "type": "aws_iam_instance_profile",
                    "depends_on": [
                        "aws_iam_role.mongo"
                    ],
                    "primary": {
                        "id": "mongo",
                        "attributes": {
                            "arn": "arn:aws:iam::128669107540:instance-profile/mongo",
                            "id": "mongo",
                            "name": "mongo",
                            "path": "/",
                            "roles.#": "1",
                            "roles.1899873335": "mongo"
                        },
                        "meta": {},
                        "tainted": false
                    },
                    "deposed": [],
                    "provider": ""
                },
                "aws_iam_instance_profile.nginx": {
                    "type": "aws_iam_instance_profile",
                    "depends_on": [
                        "aws_iam_role.nginx"
                    ],
                    "primary": {
                        "id": "nginx",
                        "attributes": {
                            "arn": "arn:aws:iam::128669107540:instance-profile/nginx",
                            "id": "nginx",
                            "name": "nginx",
                            "path": "/",
                            "roles.#": "1",
                            "roles.2759310851": "nginx"
                        },
                        "meta": {},
                        "tainted": false
                    },
                    "deposed": [],
                    "provider": ""
                },
                "aws_iam_instance_profile.nodejs": {
                    "type": "aws_iam_instance_profile",
                    "depends_on": [
                        "aws_iam_role.nodejs"
                    ],
                    "primary": {
                        "id": "nodejs",
                        "attributes": {
                            "arn": "arn:aws:iam::128669107540:instance-profile/nodejs",
                            "id": "nodejs",
                            "name": "nodejs",
                            "path": "/",
                            "roles.#": "1",
                            "roles.874046753": "nodejs"
                        },
                        "meta": {},
                        "tainted": false
                    },
                    "deposed": [],
                    "provider": ""
                },
                "aws_iam_instance_profile.queue_server": {
                    "type": "aws_iam_instance_profile",
                    "depends_on": [
                        "aws_iam_role.queue_server"
                    ],
                    "primary": {
                        "id": "queue_server",
                        "attributes": {
                            "arn": "arn:aws:iam::128669107540:instance-profile/queue_server",
                            "id": "queue_server",
                            "name": "queue_server",
                            "path": "/",
                            "roles.#": "1",
                            "roles.1619853119": "queue_server"
                        },
                        "meta": {},
                        "tainted": false
                    },
                    "deposed": [],
                    "provider": ""
                },
                "aws_iam_instance_profile.redis": {
                    "type": "aws_iam_instance_profile",
                    "depends_on": [
                        "aws_iam_role.redis"
                    ],
                    "primary": {
                        "id": "redis",
                        "attributes": {
                            "arn": "arn:aws:iam::128669107540:instance-profile/redis",
                            "id": "redis",
                            "name": "redis",
                            "path": "/",
                            "roles.#": "1",
                            "roles.2066075671": "redis"
                        },
                        "meta": {},
                        "tainted": false
                    },
                    "deposed": [],
                    "provider": ""
                },
                "aws_iam_role.admin": {
                    "type": "aws_iam_role",
                    "depends_on": [],
                    "primary": {
                        "id": "admin",
                        "attributes": {
                            "arn": "arn:aws:iam::128669107540:role/admin",
                            "assume_role_policy": "{\n    \"Version\": \"2012-10-17\",\n    \"Statement\": [\n        {\n            \"Effect\": \"Allow\",\n            \"Principal\": {\n                \"Service\": \"ec2.amazonaws.com\"\n            },\n            \"Action\": \"sts:AssumeRole\"\n        }\n    ]\n}\n",
                            "id": "admin",
                            "name": "admin",
                            "path": "/",
                            "unique_id": "AROAI2EYUO3E4HPNS3GHQ"
                        },
                        "meta": {},
                        "tainted": false
                    },
                    "deposed": [],
                    "provider": ""
                },
                "aws_iam_role.backoffice": {
                    "type": "aws_iam_role",
                    "depends_on": [],
                    "primary": {
                        "id": "backoffice",
                        "attributes": {
                            "arn": "arn:aws:iam::128669107540:role/backoffice",
                            "assume_role_policy": "{\n    \"Version\": \"2012-10-17\",\n    \"Statement\": [\n        {\n            \"Effect\": \"Allow\",\n            \"Principal\": {\n                \"Service\": \"ec2.amazonaws.com\"\n            },\n            \"Action\": \"sts:AssumeRole\"\n        }\n    ]\n}\n",
                            "id": "backoffice",
                            "name": "backoffice",
                            "path": "/",
                            "unique_id": "AROAIKLUUB74G2LM4OCSC"
                        },
                        "meta": {},
                        "tainted": false
                    },
                    "deposed": [],
                    "provider": ""
                },
                "aws_iam_role.elasticsearch": {
                    "type": "aws_iam_role",
                    "depends_on": [],
                    "primary": {
                        "id": "elasticsearch",
                        "attributes": {
                            "arn": "arn:aws:iam::128669107540:role/elasticsearch",
                            "assume_role_policy": "{\n    \"Version\": \"2012-10-17\",\n    \"Statement\": [\n        {\n            \"Effect\": \"Allow\",\n            \"Principal\": {\n                \"Service\": \"ec2.amazonaws.com\"\n            },\n            \"Action\": \"sts:AssumeRole\"\n        }\n    ]\n}\n",
                            "id": "elasticsearch",
                            "name": "elasticsearch",
                            "path": "/",
                            "unique_id": "AROAISZXVGOZYFYE6OWYI"
                        },
                        "meta": {},
                        "tainted": false
                    },
                    "deposed": [],
                    "provider": ""
                },
                "aws_iam_role.kibana": {
                    "type": "aws_iam_role",
                    "depends_on": [],
                    "primary": {
                        "id": "kibana",
                        "attributes": {
                            "arn": "arn:aws:iam::128669107540:role/kibana",
                            "assume_role_policy": "{\n    \"Version\": \"2012-10-17\",\n    \"Statement\": [\n        {\n            \"Effect\": \"Allow\",\n            \"Principal\": {\n                \"Service\": \"ec2.amazonaws.com\"\n            },\n            \"Action\": \"sts:AssumeRole\"\n        }\n    ]\n}\n",
                            "id": "kibana",
                            "name": "kibana",
                            "path": "/",
                            "unique_id": "AROAI2HHT4NNBCUEWGMJI"
                        },
                        "meta": {},
                        "tainted": false
                    },
                    "deposed": [],
                    "provider": ""
                },
                "aws_iam_role.logstash": {
                    "type": "aws_iam_role",
                    "depends_on": [],
                    "primary": {
                        "id": "logstash",
                        "attributes": {
                            "arn": "arn:aws:iam::128669107540:role/logstash",
                            "assume_role_policy": "{\n    \"Version\": \"2012-10-17\",\n    \"Statement\": [\n        {\n            \"Effect\": \"Allow\",\n            \"Principal\": {\n                \"Service\": \"ec2.amazonaws.com\"\n            },\n            \"Action\": \"sts:AssumeRole\"\n        }\n    ]\n}\n",
                            "id": "logstash",
                            "name": "logstash",
                            "path": "/",
                            "unique_id": "AROAJG7YQDITAU7K7F2CG"
                        },
                        "meta": {},
                        "tainted": false
                    },
                    "deposed": [],
                    "provider": ""
                },
                "aws_iam_role.mongo": {
                    "type": "aws_iam_role",
                    "depends_on": [],
                    "primary": {
                        "id": "mongo",
                        "attributes": {
                            "arn": "arn:aws:iam::128669107540:role/mongo",
                            "assume_role_policy": "{\n    \"Version\": \"2012-10-17\",\n    \"Statement\": [\n        {\n            \"Effect\": \"Allow\",\n            \"Principal\": {\n                \"Service\": \"ec2.amazonaws.com\"\n            },\n            \"Action\": \"sts:AssumeRole\"\n        }\n    ]\n}\n",
                            "id": "mongo",
                            "name": "mongo",
                            "path": "/",
                            "unique_id": "AROAJ6UIUDVLBVZ4OC5V6"
                        },
                        "meta": {},
                        "tainted": false
                    },
                    "deposed": [],
                    "provider": ""
                },
                "aws_iam_role.nginx": {
                    "type": "aws_iam_role",
                    "depends_on": [],
                    "primary": {
                        "id": "nginx",
                        "attributes": {
                            "arn": "arn:aws:iam::128669107540:role/nginx",
                            "assume_role_policy": "{\n    \"Version\": \"2012-10-17\",\n    \"Statement\": [\n        {\n            \"Effect\": \"Allow\",\n            \"Principal\": {\n                \"Service\": \"ec2.amazonaws.com\"\n            },\n            \"Action\": \"sts:AssumeRole\"\n        }\n    ]\n}\n",
                            "id": "nginx",
                            "name": "nginx",
                            "path": "/",
                            "unique_id": "AROAJTG5QRY43JLIKOQNA"
                        },
                        "meta": {},
                        "tainted": false
                    },
                    "deposed": [],
                    "provider": ""
                },
                "aws_iam_role.nodejs": {
                    "type": "aws_iam_role",
                    "depends_on": [],
                    "primary": {
                        "id": "nodejs",
                        "attributes": {
                            "arn": "arn:aws:iam::128669107540:role/nodejs",
                            "assume_role_policy": "{\n    \"Version\": \"2012-10-17\",\n    \"Statement\": [\n        {\n            \"Effect\": \"Allow\",\n            \"Principal\": {\n                \"Service\": \"ec2.amazonaws.com\"\n            },\n            \"Action\": \"sts:AssumeRole\"\n        }\n    ]\n}\n",
                            "id": "nodejs",
                            "name": "nodejs",
                            "path": "/",
                            "unique_id": "AROAJQKZCW2IYAFO6XADO"
                        },
                        "meta": {},
                        "tainted": false
                    },
                    "deposed": [],
                    "provider": ""
                },
                "aws_iam_role.queue_server": {
                    "type": "aws_iam_role",
                    "depends_on": [],
                    "primary": {
                        "id": "queue_server",
                        "attributes": {
                            "arn": "arn:aws:iam::128669107540:role/queue_server",
                            "assume_role_policy": "{\n    \"Version\": \"2012-10-17\",\n    \"Statement\": [\n        {\n            \"Effect\": \"Allow\",\n            \"Principal\": {\n                \"Service\": \"ec2.amazonaws.com\"\n            },\n            \"Action\": \"sts:AssumeRole\"\n        }\n    ]\n}\n",
                            "id": "queue_server",
                            "name": "queue_server",
                            "path": "/",
                            "unique_id": "AROAJN3LA2U2DLUX4HP5Y"
                        },
                        "meta": {},
                        "tainted": false
                    },
                    "deposed": [],
                    "provider": ""
                },
                "aws_iam_role.redis": {
                    "type": "aws_iam_role",
                    "depends_on": [],
                    "primary": {
                        "id": "redis",
                        "attributes": {
                            "arn": "arn:aws:iam::128669107540:role/redis",
                            "assume_role_policy": "{\n    \"Version\": \"2012-10-17\",\n    \"Statement\": [\n        {\n            \"Effect\": \"Allow\",\n            \"Principal\": {\n                \"Service\": \"ec2.amazonaws.com\"\n            },\n            \"Action\": \"sts:AssumeRole\"\n        }\n    ]\n}\n",
                            "id": "redis",
                            "name": "redis",
                            "path": "/",
                            "unique_id": "AROAJVH6WXD6N4YNDNA7K"
                        },
                        "meta": {},
                        "tainted": false
                    },
                    "deposed": [],
                    "provider": ""
                },
                "aws_iam_role_policy.admin": {
                    "type": "aws_iam_role_policy",
                    "depends_on": [
                        "aws_iam_role.admin"
                    ],
                    "primary": {
                        "id": "admin:admin",
                        "attributes": {
                            "id": "admin:admin",
                            "name": "admin",
                            "policy": "{\n  \"Version\": \"2012-10-17\",\n  \"Statement\": [\n    {\n      \"Effect\": \"Allow\",\n      \"Action\": \"s3:*\",\n      \"Resource\": \"*\"\n    }\n  ]\n}\n",
                            "role": "admin"
                        },
                        "meta": {},
                        "tainted": false
                    },
                    "deposed": [],
                    "provider": ""
                },
                "aws_iam_role_policy.backoffice": {
                    "type": "aws_iam_role_policy",
                    "depends_on": [
                        "aws_iam_role.backoffice"
                    ],
                    "primary": {
                        "id": "backoffice:backoffice",
                        "attributes": {
                            "id": "backoffice:backoffice",
                            "name": "backoffice",
                            "policy": "{\n  \"Version\": \"2012-10-17\",\n  \"Statement\": [\n    {\n      \"Effect\": \"Allow\",\n      \"Action\": \"s3:*\",\n      \"Resource\": \"*\"\n    },\n    {\n      \"Effect\": \"Allow\",\n      \"Action\": [\n          \"route53:*\"\n      ],\n      \"Resource\": \"*\"\n    }\n  ]\n}\n",
                            "role": "backoffice"
                        },
                        "meta": {},
                        "tainted": false
                    },
                    "deposed": [],
                    "provider": ""
                },
                "aws_iam_role_policy.elasticsearch": {
                    "type": "aws_iam_role_policy",
                    "depends_on": [
                        "aws_iam_role.elasticsearch"
                    ],
                    "primary": {
                        "id": "elasticsearch:elasticsearch",
                        "attributes": {
                            "id": "elasticsearch:elasticsearch",
                            "name": "elasticsearch",
                            "policy": "{\n    \"Version\": \"2012-10-17\",\n    \"Statement\": [\n        {\n            \"Effect\": \"Allow\",\n            \"Action\": \"s3:*\",\n            \"Resource\": \"*\"\n        },\n        {\n            \"Effect\": \"Allow\",\n            \"Action\": \"ec2:Describe*\",\n            \"Resource\": \"*\"\n        },\n        {\n            \"Effect\": \"Allow\",\n            \"Action\": \"elasticloadbalancing:Describe*\",\n            \"Resource\": \"*\"\n        },\n        {\n            \"Effect\": \"Allow\",\n            \"Action\": [\n                \"cloudwatch:ListMetrics\",\n                \"cloudwatch:GetMetricStatistics\",\n                \"cloudwatch:Describe*\"\n            ],\n            \"Resource\": \"*\"\n        },\n        {\n            \"Effect\": \"Allow\",\n            \"Action\": \"autoscaling:Describe*\",\n            \"Resource\": \"*\"\n        },\n        {\n            \"Effect\": \"Allow\",\n            \"Action\": \"autoscaling:SetDesiredCapacity\",\n            \"Resource\": \"*\"\n        },\n        {\n            \"Effect\": \"Allow\",\n            \"Action\": [\n                \"ec2:DescribeVolumes\",\n                \"ec2:DescribeVolumeStatus\",\n                \"ec2:DescribeAvailabilityZones\",\n                \"ec2:CreateVolume\",\n                \"ec2:DescribeInstances\",\n                \"ec2:AttachVolume\",\n                \"ec2:DetachVolume\",\n                \"ec2:CreateSnapshot\",\n                \"ec2:DeleteSnapshot\"\n            ],\n            \"Resource\": \"*\"\n        },\n        {\n            \"Effect\": \"Allow\",\n            \"Action\": [\n                \"tag:addResourceTags\",\n                \"tag:removeResourceTags\"\n            ],\n            \"Resource\": \"*\"\n        },\n        {\n            \"Effect\": \"Allow\",\n            \"Action\": [\n                \"route53:GetHostedZone\",\n                \"route53:ListResourceRecordSets\"\n            ],\n            \"Resource\": \"arn:aws:route53:::hostedzone/*\"\n        },\n        {\n            \"Effect\": \"Allow\",\n            \"Action\": [\n                \"route53:ListHostedZones\"\n            ],\n            \"Resource\": \"*\"\n        },\n        {\n            \"Effect\": \"Allow\",\n            \"Action\": [\n                \"route53:ChangeResourceRecordSets\"\n            ],\n            \"Resource\": \"arn:aws:route53:::hostedzone/*\"\n        },\n        {\n            \"Effect\": \"Allow\",\n            \"Action\": [\n                \"route53:GetChange\"\n            ],\n            \"Resource\": \"arn:aws:route53:::change/*\"\n        }\n    ]\n}\n",
                            "role": "elasticsearch"
                        },
                        "meta": {},
                        "tainted": false
                    },
                    "deposed": [],
                    "provider": ""
                },
                "aws_iam_role_policy.mongo": {
                    "type": "aws_iam_role_policy",
                    "depends_on": [
                        "aws_iam_role.mongo"
                    ],
                    "primary": {
                        "id": "mongo:mongo",
                        "attributes": {
                            "id": "mongo:mongo",
                            "name": "mongo",
                            "policy": "{\n    \"Version\": \"2012-10-17\",\n    \"Statement\": [\n        {\n            \"Effect\": \"Allow\",\n            \"Action\": \"s3:*\",\n            \"Resource\": \"*\"\n        },\n        {\n            \"Effect\": \"Allow\",\n            \"Action\": \"ec2:Describe*\",\n            \"Resource\": \"*\"\n        },\n        {\n            \"Effect\": \"Allow\",\n            \"Action\": \"elasticloadbalancing:Describe*\",\n            \"Resource\": \"*\"\n        },\n        {\n            \"Effect\": \"Allow\",\n            \"Action\": [\n                \"cloudwatch:ListMetrics\",\n                \"cloudwatch:GetMetricStatistics\",\n                \"cloudwatch:Describe*\"\n            ],\n            \"Resource\": \"*\"\n        },\n        {\n            \"Effect\": \"Allow\",\n            \"Action\": \"autoscaling:Describe*\",\n            \"Resource\": \"*\"\n        },\n        {\n            \"Effect\": \"Allow\",\n            \"Action\": \"autoscaling:SetDesiredCapacity\",\n            \"Resource\": \"*\"\n        },\n        {\n            \"Effect\": \"Allow\",\n            \"Action\": [\n                \"ec2:DescribeVolumes\",\n                \"ec2:DescribeVolumeStatus\",\n                \"ec2:DescribeAvailabilityZones\",\n                \"ec2:CreateVolume\",\n                \"ec2:DescribeInstances\",\n                \"ec2:AttachVolume\",\n                \"ec2:DetachVolume\",\n                \"ec2:CreateSnapshot\",\n                \"ec2:DeleteSnapshot\",\n                \"ec2:CreateTags\",\n                \"ec2:ModifyTags\"\n            ],\n            \"Resource\": \"*\"\n        },\n        {\n            \"Effect\": \"Allow\",\n            \"Action\": [\n                \"tag:addResourceTags\",\n                \"tag:removeResourceTags\"\n            ],\n            \"Resource\": \"*\"\n        },\n        {\n            \"Effect\": \"Allow\",\n            \"Action\": [\n                \"route53:GetHostedZone\",\n                \"route53:ListResourceRecordSets\"\n            ],\n            \"Resource\": \"arn:aws:route53:::hostedzone/*\"\n        },\n        {\n            \"Effect\": \"Allow\",\n            \"Action\": [\n                \"route53:ListHostedZones\"\n            ],\n            \"Resource\": \"*\"\n        },\n        {\n            \"Effect\": \"Allow\",\n            \"Action\": [\n                \"route53:ChangeResourceRecordSets\"\n            ],\n            \"Resource\": \"arn:aws:route53:::hostedzone/*\"\n        },\n        {\n            \"Effect\": \"Allow\",\n            \"Action\": [\n                \"route53:GetChange\"\n            ],\n            \"Resource\": \"arn:aws:route53:::change/*\"\n        }\n    ]\n}\n",
                            "role": "mongo"
                        },
                        "meta": {},
                        "tainted": false
                    },
                    "deposed": [],
                    "provider": ""
                },
                "aws_iam_role_policy.nodejs": {
                    "type": "aws_iam_role_policy",
                    "depends_on": [
                        "aws_iam_role.nodejs"
                    ],
                    "primary": {
                        "id": "nodejs:nodejs",
                        "attributes": {
                            "id": "nodejs:nodejs",
                            "name": "nodejs",
                            "policy": "{\n  \"Version\": \"2012-10-17\",\n  \"Statement\": [\n    {\n      \"Effect\": \"Allow\",\n      \"Action\": \"s3:*\",\n      \"Resource\": \"*\"\n    }\n  ]\n}\n",
                            "role": "nodejs"
                        },
                        "meta": {},
                        "tainted": false
                    },
                    "deposed": [],
                    "provider": ""
                },
                "aws_iam_role_policy.redis": {
                    "type": "aws_iam_role_policy",
                    "depends_on": [
                        "aws_iam_role.redis"
                    ],
                    "primary": {
                        "id": "redis:redis",
                        "attributes": {
                            "id": "redis:redis",
                            "name": "redis",
                            "policy": "{\n    \"Version\": \"2012-10-17\",\n    \"Statement\": [\n        {\n            \"Effect\": \"Allow\",\n            \"Action\": \"s3:*\",\n            \"Resource\": \"*\"\n        },\n        {\n            \"Effect\": \"Allow\",\n            \"Action\": \"ec2:Describe*\",\n            \"Resource\": \"*\"\n        },\n        {\n            \"Effect\": \"Allow\",\n            \"Action\": \"elasticloadbalancing:Describe*\",\n            \"Resource\": \"*\"\n        },\n        {\n            \"Effect\": \"Allow\",\n            \"Action\": [\n                \"cloudwatch:ListMetrics\",\n                \"cloudwatch:GetMetricStatistics\",\n                \"cloudwatch:Describe*\"\n            ],\n            \"Resource\": \"*\"\n        },\n        {\n            \"Effect\": \"Allow\",\n            \"Action\": \"autoscaling:Describe*\",\n            \"Resource\": \"*\"\n        },\n        {\n            \"Effect\": \"Allow\",\n            \"Action\": \"autoscaling:SetDesiredCapacity\",\n            \"Resource\": \"*\"\n        },\n        {\n            \"Effect\": \"Allow\",\n            \"Action\": [\n                \"ec2:DescribeVolumes\",\n                \"ec2:DescribeVolumeStatus\",\n                \"ec2:DescribeAvailabilityZones\",\n                \"ec2:CreateVolume\",\n                \"ec2:DescribeInstances\",\n                \"ec2:AttachVolume\",\n                \"ec2:DetachVolume\",\n                \"ec2:CreateSnapshot\",\n                \"ec2:DeleteSnapshot\"\n            ],\n            \"Resource\": \"*\"\n        },\n        {\n            \"Effect\": \"Allow\",\n            \"Action\": [\n                \"tag:addResourceTags\",\n                \"tag:removeResourceTags\"\n            ],\n            \"Resource\": \"*\"\n        },\n        {\n            \"Effect\": \"Allow\",\n            \"Action\": [\n                \"route53:GetHostedZone\",\n                \"route53:ListResourceRecordSets\"\n            ],\n            \"Resource\": \"arn:aws:route53:::hostedzone/*\"\n        },\n        {\n            \"Effect\": \"Allow\",\n            \"Action\": [\n                \"route53:ListHostedZones\"\n            ],\n            \"Resource\": \"*\"\n        },\n        {\n            \"Effect\": \"Allow\",\n            \"Action\": [\n                \"route53:ChangeResourceRecordSets\"\n            ],\n            \"Resource\": \"arn:aws:route53:::hostedzone/*\"\n        },\n        {\n            \"Effect\": \"Allow\",\n            \"Action\": [\n                \"route53:GetChange\"\n            ],\n            \"Resource\": \"arn:aws:route53:::change/*\"\n        }\n    ]\n}\n",
                            "role": "redis"
                        },
                        "meta": {},
                        "tainted": false
                    },
                    "deposed": [],
                    "provider": ""
                }
            },
            "depends_on": []
        },
        {
            "path": [
                "root",
                "nginx"
            ],
            "outputs": {},
            "resources": {
                "aws_eip.default": {
                    "type": "aws_eip",
                    "depends_on": [
                        "aws_instance.default"
                    ],
                    "primary": {
                        "id": "eipalloc-e1925b86",
                        "attributes": {
                            "association_id": "eipassoc-50398728",
                            "domain": "vpc",
                            "id": "eipalloc-e1925b86",
                            "instance": "i-0cd0e605171a7604c",
                            "network_interface": "eni-bb38dff5",
                            "private_ip": "10.34.142.157",
                            "public_ip": "52.42.226.102",
                            "vpc": "true"
                        },
                        "meta": {},
                        "tainted": false
                    },
                    "deposed": [],
                    "provider": ""
                },
                "aws_instance.default": {
                    "type": "aws_instance",
                    "depends_on": [
                        "module.ubuntu"
                    ],
                    "primary": {
                        "id": "i-0cd0e605171a7604c",
                        "attributes": {
                            "ami": "ami-8c4cb0ec",
                            "availability_zone": "us-west-2a",
                            "disable_api_termination": "false",
                            "ebs_block_device.#": "0",
                            "ebs_optimized": "false",
                            "ephemeral_block_device.#": "0",
                            "iam_instance_profile": "nginx",
                            "id": "i-0cd0e605171a7604c",
                            "instance_state": "running",
                            "instance_type": "t2.micro",
                            "key_name": "navopt-us-west-2-dev",
                            "monitoring": "false",
                            "network_interface_id": "eni-bb38dff5",
                            "private_dns": "ip-10-34-142-157.us-west-2.compute.internal",
                            "private_ip": "10.34.142.157",
                            "public_dns": "ec2-52-42-226-102.us-west-2.compute.amazonaws.com",
                            "public_ip": "52.42.226.102",
                            "root_block_device.#": "1",
                            "root_block_device.0.delete_on_termination": "true",
                            "root_block_device.0.iops": "100",
                            "root_block_device.0.volume_size": "8",
                            "root_block_device.0.volume_type": "gp2",
                            "security_groups.#": "0",
                            "source_dest_check": "true",
                            "subnet_id": "subnet-4d3f433b",
                            "tags.%": "3",
                            "tags.Cluster": "dev",
                            "tags.Environment": "dev",
                            "tags.Name": "nginx",
                            "tenancy": "default",
                            "vpc_security_group_ids.#": "1",
                            "vpc_security_group_ids.3336749926": "sg-5b04e522"
                        },
                        "meta": {
                            "schema_version": "1"
                        },
                        "tainted": false
                    },
                    "deposed": [],
                    "provider": ""
                },
                "aws_route53_record.default": {
                    "type": "aws_route53_record",
                    "depends_on": [
                        "aws_instance.default"
                    ],
                    "primary": {
                        "id": "Z1MO1QDL8DH0BH_lb-0_A",
                        "attributes": {
                            "fqdn": "lb-0.navopt-dev.cloudera.com",
                            "health_check_id": "",
                            "id": "Z1MO1QDL8DH0BH_lb-0_A",
                            "name": "lb-0",
                            "records.#": "1",
                            "records.1013647572": "10.34.142.157",
                            "set_identifier": "",
                            "ttl": "5",
                            "type": "A",
                            "zone_id": "Z1MO1QDL8DH0BH"
                        },
                        "meta": {
                            "schema_version": "2"
                        },
                        "tainted": false
                    },
                    "deposed": [],
                    "provider": ""
                }
            },
            "depends_on": []
        },
        {
            "path": [
                "root",
                "nodejs"
            ],
            "outputs": {},
            "resources": {
                "aws_instance.default": {
                    "type": "aws_instance",
                    "depends_on": [
                        "module.bitnami_nodejs"
                    ],
                    "primary": {
                        "id": "i-047901e54132f0e74",
                        "attributes": {
                            "ami": "ami-e98f7089",
                            "availability_zone": "us-west-2a",
                            "disable_api_termination": "false",
                            "ebs_block_device.#": "0",
                            "ebs_optimized": "false",
                            "ephemeral_block_device.#": "0",
                            "iam_instance_profile": "nodejs",
                            "id": "i-047901e54132f0e74",
                            "instance_state": "running",
                            "instance_type": "t2.micro",
                            "key_name": "navopt-us-west-2-dev",
                            "monitoring": "false",
                            "network_interface_id": "eni-f304e3bd",
                            "private_dns": "ip-10-34-203-111.us-west-2.compute.internal",
                            "private_ip": "10.34.203.111",
                            "public_dns": "",
                            "public_ip": "",
                            "root_block_device.#": "1",
                            "root_block_device.0.delete_on_termination": "true",
                            "root_block_device.0.iops": "100",
                            "root_block_device.0.volume_size": "10",
                            "root_block_device.0.volume_type": "gp2",
                            "security_groups.#": "0",
                            "source_dest_check": "true",
                            "subnet_id": "subnet-dc3549aa",
                            "tags.%": "4",
                            "tags.Cluster": "dev",
                            "tags.Environment": "dev",
                            "tags.Name": "nodejs",
                            "tags.Terraform": "managed",
                            "tenancy": "default",
                            "vpc_security_group_ids.#": "1",
                            "vpc_security_group_ids.3638349583": "sg-6604e51f"
                        },
                        "meta": {
                            "schema_version": "1"
                        },
                        "tainted": false
                    },
                    "deposed": [],
                    "provider": ""
                },
                "aws_route53_record.default": {
                    "type": "aws_route53_record",
                    "depends_on": [
                        "aws_instance.default"
                    ],
                    "primary": {
                        "id": "Z1MO1QDL8DH0BH_nodejs-0_A",
                        "attributes": {
                            "fqdn": "nodejs-0.navopt-dev.cloudera.com",
                            "health_check_id": "",
                            "id": "Z1MO1QDL8DH0BH_nodejs-0_A",
                            "name": "nodejs-0",
                            "records.#": "1",
                            "records.645732830": "10.34.203.111",
                            "set_identifier": "",
                            "ttl": "60",
                            "type": "A",
                            "zone_id": "Z1MO1QDL8DH0BH"
                        },
                        "meta": {
                            "schema_version": "2"
                        },
                        "tainted": false
                    },
                    "deposed": [],
                    "provider": ""
                }
            },
            "depends_on": []
        },
        {
            "path": [
                "root",
                "queue-server"
            ],
            "outputs": {},
            "resources": {
                "aws_instance.default.0": {
                    "type": "aws_instance",
                    "depends_on": [
                        "module.ubuntu"
                    ],
                    "primary": {
                        "id": "i-085bb0857560059c8",
                        "attributes": {
                            "ami": "ami-8c4cb0ec",
                            "availability_zone": "us-west-2a",
                            "disable_api_termination": "false",
                            "ebs_block_device.#": "0",
                            "ebs_optimized": "false",
                            "ephemeral_block_device.#": "0",
                            "iam_instance_profile": "queue_server",
                            "id": "i-085bb0857560059c8",
                            "instance_state": "running",
                            "instance_type": "t2.micro",
                            "key_name": "navopt-us-west-2-dev",
                            "monitoring": "false",
                            "network_interface_id": "eni-8230d7cc",
                            "private_dns": "ip-10-34-194-185.us-west-2.compute.internal",
                            "private_ip": "10.34.194.185",
                            "public_dns": "",
                            "public_ip": "",
                            "root_block_device.#": "1",
                            "root_block_device.0.delete_on_termination": "true",
                            "root_block_device.0.iops": "100",
                            "root_block_device.0.volume_size": "8",
                            "root_block_device.0.volume_type": "gp2",
                            "security_groups.#": "0",
                            "source_dest_check": "true",
                            "subnet_id": "subnet-dc3549aa",
                            "tags.%": "4",
                            "tags.Cluster": "dev",
                            "tags.Environment": "dev",
                            "tags.Name": "queue-server",
                            "tags.Terraform": "managed",
                            "tenancy": "default",
                            "vpc_security_group_ids.#": "1",
                            "vpc_security_group_ids.3850035824": "sg-5004e529"
                        },
                        "meta": {
                            "schema_version": "1"
                        },
                        "tainted": false
                    },
                    "deposed": [],
                    "provider": ""
                },
                "aws_instance.default.1": {
                    "type": "aws_instance",
                    "depends_on": [
                        "module.ubuntu"
                    ],
                    "primary": {
                        "id": "i-03e82d48141303b62",
                        "attributes": {
                            "ami": "ami-8c4cb0ec",
                            "availability_zone": "us-west-2b",
                            "disable_api_termination": "false",
                            "ebs_block_device.#": "0",
                            "ebs_optimized": "false",
                            "ephemeral_block_device.#": "0",
                            "iam_instance_profile": "queue_server",
                            "id": "i-03e82d48141303b62",
                            "instance_state": "running",
                            "instance_type": "t2.micro",
                            "key_name": "navopt-us-west-2-dev",
                            "monitoring": "false",
                            "network_interface_id": "eni-ac466bd0",
                            "private_dns": "ip-10-34-217-79.us-west-2.compute.internal",
                            "private_ip": "10.34.217.79",
                            "public_dns": "",
                            "public_ip": "",
                            "root_block_device.#": "1",
                            "root_block_device.0.delete_on_termination": "true",
                            "root_block_device.0.iops": "100",
                            "root_block_device.0.volume_size": "8",
                            "root_block_device.0.volume_type": "gp2",
                            "security_groups.#": "0",
                            "source_dest_check": "true",
                            "subnet_id": "subnet-3a7e5a5e",
                            "tags.%": "4",
                            "tags.Cluster": "dev",
                            "tags.Environment": "dev",
                            "tags.Name": "queue-server",
                            "tags.Terraform": "managed",
                            "tenancy": "default",
                            "vpc_security_group_ids.#": "1",
                            "vpc_security_group_ids.3850035824": "sg-5004e529"
                        },
                        "meta": {
                            "schema_version": "1"
                        },
                        "tainted": false
                    },
                    "deposed": [],
                    "provider": ""
                },
                "aws_route53_record.default.0": {
                    "type": "aws_route53_record",
                    "depends_on": [
                        "aws_instance.default"
                    ],
                    "primary": {
                        "id": "Z1MO1QDL8DH0BH_queue-0_A",
                        "attributes": {
                            "fqdn": "queue-0.navopt-dev.cloudera.com",
                            "health_check_id": "",
                            "id": "Z1MO1QDL8DH0BH_queue-0_A",
                            "name": "queue-0",
                            "records.#": "1",
                            "records.1410724299": "10.34.194.185",
                            "set_identifier": "",
                            "ttl": "5",
                            "type": "A",
                            "zone_id": "Z1MO1QDL8DH0BH"
                        },
                        "meta": {
                            "schema_version": "2"
                        },
                        "tainted": false
                    },
                    "deposed": [],
                    "provider": ""
                },
                "aws_route53_record.default.1": {
                    "type": "aws_route53_record",
                    "depends_on": [
                        "aws_instance.default"
                    ],
                    "primary": {
                        "id": "Z1MO1QDL8DH0BH_queue-1_A",
                        "attributes": {
                            "fqdn": "queue-1.navopt-dev.cloudera.com",
                            "health_check_id": "",
                            "id": "Z1MO1QDL8DH0BH_queue-1_A",
                            "name": "queue-1",
                            "records.#": "1",
                            "records.1103139700": "10.34.217.79",
                            "set_identifier": "",
                            "ttl": "5",
                            "type": "A",
                            "zone_id": "Z1MO1QDL8DH0BH"
                        },
                        "meta": {
                            "schema_version": "2"
                        },
                        "tainted": false
                    },
                    "deposed": [],
                    "provider": ""
                }
            },
            "depends_on": []
        },
        {
            "path": [
                "root",
                "sg"
            ],
            "outputs": {
                "admin_security_groups": {
                    "sensitive": false,
                    "type": "list",
                    "value": [
                        "sg-6404e51d"
                    ]
                },
                "backoffice_security_groups": {
                    "sensitive": false,
                    "type": "list",
                    "value": [
                        "sg-5304e52a"
                    ]
                },
                "deployment_root_security_groups": {
                    "sensitive": false,
                    "type": "list",
                    "value": [
                        "sg-5e04e527"
                    ]
                },
                "elasticsearch_security_groups": {
                    "sensitive": false,
                    "type": "list",
                    "value": [
                        "sg-6704e51e"
                    ]
                },
                "kibana_security_groups": {
                    "sensitive": false,
                    "type": "list",
                    "value": [
                        "sg-5a04e523"
                    ]
                },
                "logstash_security_groups": {
                    "sensitive": false,
                    "type": "list",
                    "value": [
                        "sg-5804e521"
                    ]
                },
                "mongo_security_groups": {
                    "sensitive": false,
                    "type": "list",
                    "value": [
                        "sg-6504e51c"
                    ]
                },
                "nginx_security_groups": {
                    "sensitive": false,
                    "type": "list",
                    "value": [
                        "sg-5b04e522"
                    ]
                },
                "nodejs_security_groups": {
                    "sensitive": false,
                    "type": "list",
                    "value": [
                        "sg-6604e51f"
                    ]
                },
                "queue_server_security_groups": {
                    "sensitive": false,
                    "type": "list",
                    "value": [
                        "sg-5004e529"
                    ]
                },
                "redis_security_groups": {
                    "sensitive": false,
                    "type": "list",
                    "value": [
                        "sg-5904e520"
                    ]
                }
            },
            "resources": {
                "aws_security_group.admin": {
                    "type": "aws_security_group",
                    "depends_on": [],
                    "primary": {
                        "id": "sg-6404e51d",
                        "attributes": {
                            "description": "Managed by Terraform",
                            "egress.#": "1",
                            "egress.482069346.cidr_blocks.#": "1",
                            "egress.482069346.cidr_blocks.0": "0.0.0.0/0",
                            "egress.482069346.from_port": "0",
                            "egress.482069346.prefix_list_ids.#": "0",
                            "egress.482069346.protocol": "-1",
                            "egress.482069346.security_groups.#": "0",
                            "egress.482069346.self": "false",
                            "egress.482069346.to_port": "0",
                            "id": "sg-6404e51d",
                            "ingress.#": "5",
                            "ingress.1043665412.cidr_blocks.#": "1",
                            "ingress.1043665412.cidr_blocks.0": "10.34.0.0/16",
                            "ingress.1043665412.from_port": "8",
                            "ingress.1043665412.protocol": "icmp",
                            "ingress.1043665412.security_groups.#": "0",
                            "ingress.1043665412.self": "false",
                            "ingress.1043665412.to_port": "0",
                            "ingress.1071203337.cidr_blocks.#": "1",
                            "ingress.1071203337.cidr_blocks.0": "74.217.76.96/27",
                            "ingress.1071203337.from_port": "443",
                            "ingress.1071203337.protocol": "tcp",
                            "ingress.1071203337.security_groups.#": "0",
                            "ingress.1071203337.self": "false",
                            "ingress.1071203337.to_port": "443",
                            "ingress.1901565065.cidr_blocks.#": "1",
                            "ingress.1901565065.cidr_blocks.0": "10.34.0.0/16",
                            "ingress.1901565065.from_port": "22",
                            "ingress.1901565065.protocol": "tcp",
                            "ingress.1901565065.security_groups.#": "0",
                            "ingress.1901565065.self": "false",
                            "ingress.1901565065.to_port": "22",
                            "ingress.2025415170.cidr_blocks.#": "1",
                            "ingress.2025415170.cidr_blocks.0": "10.34.0.0/16",
                            "ingress.2025415170.from_port": "3000",
                            "ingress.2025415170.protocol": "tcp",
                            "ingress.2025415170.security_groups.#": "0",
                            "ingress.2025415170.self": "false",
                            "ingress.2025415170.to_port": "3000",
                            "ingress.4164128593.cidr_blocks.#": "1",
                            "ingress.4164128593.cidr_blocks.0": "74.217.76.96/27",
                            "ingress.4164128593.from_port": "80",
                            "ingress.4164128593.protocol": "tcp",
                            "ingress.4164128593.security_groups.#": "0",
                            "ingress.4164128593.self": "false",
                            "ingress.4164128593.to_port": "80",
                            "name": "admin",
                            "owner_id": "128669107540",
                            "tags.%": "1",
                            "tags.Terraform": "managed",
                            "vpc_id": "vpc-1a6e597e"
                        },
                        "meta": {},
                        "tainted": false
                    },
                    "deposed": [],
                    "provider": ""
                },
                "aws_security_group.backoffice": {
                    "type": "aws_security_group",
                    "depends_on": [],
                    "primary": {
                        "id": "sg-5304e52a",
                        "attributes": {
                            "description": "Managed by Terraform",
                            "egress.#": "1",
                            "egress.482069346.cidr_blocks.#": "1",
                            "egress.482069346.cidr_blocks.0": "0.0.0.0/0",
                            "egress.482069346.from_port": "0",
                            "egress.482069346.prefix_list_ids.#": "0",
                            "egress.482069346.protocol": "-1",
                            "egress.482069346.security_groups.#": "0",
                            "egress.482069346.self": "false",
                            "egress.482069346.to_port": "0",
                            "id": "sg-5304e52a",
                            "ingress.#": "9",
                            "ingress.1043665412.cidr_blocks.#": "1",
                            "ingress.1043665412.cidr_blocks.0": "10.34.0.0/16",
                            "ingress.1043665412.from_port": "8",
                            "ingress.1043665412.protocol": "icmp",
                            "ingress.1043665412.security_groups.#": "0",
                            "ingress.1043665412.self": "false",
                            "ingress.1043665412.to_port": "0",
                            "ingress.1364904493.cidr_blocks.#": "1",
                            "ingress.1364904493.cidr_blocks.0": "10.34.0.0/16",
                            "ingress.1364904493.from_port": "26379",
                            "ingress.1364904493.protocol": "tcp",
                            "ingress.1364904493.security_groups.#": "0",
                            "ingress.1364904493.self": "false",
                            "ingress.1364904493.to_port": "26379",
                            "ingress.1901565065.cidr_blocks.#": "1",
                            "ingress.1901565065.cidr_blocks.0": "10.34.0.0/16",
                            "ingress.1901565065.from_port": "22",
                            "ingress.1901565065.protocol": "tcp",
                            "ingress.1901565065.security_groups.#": "0",
                            "ingress.1901565065.self": "false",
                            "ingress.1901565065.to_port": "22",
                            "ingress.234288531.cidr_blocks.#": "1",
                            "ingress.234288531.cidr_blocks.0": "10.34.0.0/16",
                            "ingress.234288531.from_port": "9300",
                            "ingress.234288531.protocol": "tcp",
                            "ingress.234288531.security_groups.#": "0",
                            "ingress.234288531.self": "false",
                            "ingress.234288531.to_port": "9300",
                            "ingress.2460019576.cidr_blocks.#": "1",
                            "ingress.2460019576.cidr_blocks.0": "10.34.0.0/16",
                            "ingress.2460019576.from_port": "9200",
                            "ingress.2460019576.protocol": "tcp",
                            "ingress.2460019576.security_groups.#": "0",
                            "ingress.2460019576.self": "false",
                            "ingress.2460019576.to_port": "9200",
                            "ingress.2508882569.cidr_blocks.#": "1",
                            "ingress.2508882569.cidr_blocks.0": "10.34.0.0/16",
                            "ingress.2508882569.from_port": "6379",
                            "ingress.2508882569.protocol": "tcp",
                            "ingress.2508882569.security_groups.#": "0",
                            "ingress.2508882569.self": "false",
                            "ingress.2508882569.to_port": "6379",
                            "ingress.2815899544.cidr_blocks.#": "1",
                            "ingress.2815899544.cidr_blocks.0": "10.34.0.0/16",
                            "ingress.2815899544.from_port": "5601",
                            "ingress.2815899544.protocol": "tcp",
                            "ingress.2815899544.security_groups.#": "0",
                            "ingress.2815899544.self": "false",
                            "ingress.2815899544.to_port": "5601",
                            "ingress.3166146579.cidr_blocks.#": "1",
                            "ingress.3166146579.cidr_blocks.0": "10.34.0.0/16",
                            "ingress.3166146579.from_port": "7432",
                            "ingress.3166146579.protocol": "tcp",
                            "ingress.3166146579.security_groups.#": "0",
                            "ingress.3166146579.self": "false",
                            "ingress.3166146579.to_port": "7432",
                            "ingress.755570230.cidr_blocks.#": "1",
                            "ingress.755570230.cidr_blocks.0": "10.34.0.0/16",
                            "ingress.755570230.from_port": "7180",
                            "ingress.755570230.protocol": "tcp",
                            "ingress.755570230.security_groups.#": "0",
                            "ingress.755570230.self": "false",
                            "ingress.755570230.to_port": "7183",
                            "name": "backoffice",
                            "owner_id": "128669107540",
                            "tags.%": "1",
                            "tags.Terraform": "managed",
                            "vpc_id": "vpc-1a6e597e"
                        },
                        "meta": {},
                        "tainted": false
                    },
                    "deposed": [],
                    "provider": ""
                },
                "aws_security_group.deployment-root": {
                    "type": "aws_security_group",
                    "depends_on": [],
                    "primary": {
                        "id": "sg-5e04e527",
                        "attributes": {
                            "description": "Managed by Terraform",
                            "egress.#": "1",
                            "egress.482069346.cidr_blocks.#": "1",
                            "egress.482069346.cidr_blocks.0": "0.0.0.0/0",
                            "egress.482069346.from_port": "0",
                            "egress.482069346.prefix_list_ids.#": "0",
                            "egress.482069346.protocol": "-1",
                            "egress.482069346.security_groups.#": "0",
                            "egress.482069346.self": "false",
                            "egress.482069346.to_port": "0",
                            "id": "sg-5e04e527",
                            "ingress.#": "6",
                            "ingress.1043665412.cidr_blocks.#": "1",
                            "ingress.1043665412.cidr_blocks.0": "10.34.0.0/16",
                            "ingress.1043665412.from_port": "8",
                            "ingress.1043665412.protocol": "icmp",
                            "ingress.1043665412.security_groups.#": "0",
                            "ingress.1043665412.self": "false",
                            "ingress.1043665412.to_port": "0",
                            "ingress.1071203337.cidr_blocks.#": "1",
                            "ingress.1071203337.cidr_blocks.0": "74.217.76.96/27",
                            "ingress.1071203337.from_port": "443",
                            "ingress.1071203337.protocol": "tcp",
                            "ingress.1071203337.security_groups.#": "0",
                            "ingress.1071203337.self": "false",
                            "ingress.1071203337.to_port": "443",
                            "ingress.1435888226.cidr_blocks.#": "1",
                            "ingress.1435888226.cidr_blocks.0": "74.217.76.96/27",
                            "ingress.1435888226.from_port": "22",
                            "ingress.1435888226.protocol": "tcp",
                            "ingress.1435888226.security_groups.#": "0",
                            "ingress.1435888226.self": "false",
                            "ingress.1435888226.to_port": "22",
                            "ingress.2622056502.cidr_blocks.#": "1",
                            "ingress.2622056502.cidr_blocks.0": "74.217.76.96/27",
                            "ingress.2622056502.from_port": "8080",
                            "ingress.2622056502.protocol": "tcp",
                            "ingress.2622056502.security_groups.#": "0",
                            "ingress.2622056502.self": "false",
                            "ingress.2622056502.to_port": "8080",
                            "ingress.4164128593.cidr_blocks.#": "1",
                            "ingress.4164128593.cidr_blocks.0": "74.217.76.96/27",
                            "ingress.4164128593.from_port": "80",
                            "ingress.4164128593.protocol": "tcp",
                            "ingress.4164128593.security_groups.#": "0",
                            "ingress.4164128593.self": "false",
                            "ingress.4164128593.to_port": "80",
                            "ingress.877382221.cidr_blocks.#": "1",
                            "ingress.877382221.cidr_blocks.0": "10.34.0.0/16",
                            "ingress.877382221.from_port": "8982",
                            "ingress.877382221.protocol": "tcp",
                            "ingress.877382221.security_groups.#": "0",
                            "ingress.877382221.self": "false",
                            "ingress.877382221.to_port": "8982",
                            "name": "deployment-root",
                            "owner_id": "128669107540",
                            "tags.%": "1",
                            "tags.Terraform": "managed",
                            "vpc_id": "vpc-1a6e597e"
                        },
                        "meta": {},
                        "tainted": false
                    },
                    "deposed": [],
                    "provider": ""
                },
                "aws_security_group.elasticsearch": {
                    "type": "aws_security_group",
                    "depends_on": [],
                    "primary": {
                        "id": "sg-6704e51e",
                        "attributes": {
                            "description": "Managed by Terraform",
                            "egress.#": "1",
                            "egress.482069346.cidr_blocks.#": "1",
                            "egress.482069346.cidr_blocks.0": "0.0.0.0/0",
                            "egress.482069346.from_port": "0",
                            "egress.482069346.prefix_list_ids.#": "0",
                            "egress.482069346.protocol": "-1",
                            "egress.482069346.security_groups.#": "0",
                            "egress.482069346.self": "false",
                            "egress.482069346.to_port": "0",
                            "id": "sg-6704e51e",
                            "ingress.#": "3",
                            "ingress.1043665412.cidr_blocks.#": "1",
                            "ingress.1043665412.cidr_blocks.0": "10.34.0.0/16",
                            "ingress.1043665412.from_port": "8",
                            "ingress.1043665412.protocol": "icmp",
                            "ingress.1043665412.security_groups.#": "0",
                            "ingress.1043665412.self": "false",
                            "ingress.1043665412.to_port": "0",
                            "ingress.1901565065.cidr_blocks.#": "1",
                            "ingress.1901565065.cidr_blocks.0": "10.34.0.0/16",
                            "ingress.1901565065.from_port": "22",
                            "ingress.1901565065.protocol": "tcp",
                            "ingress.1901565065.security_groups.#": "0",
                            "ingress.1901565065.self": "false",
                            "ingress.1901565065.to_port": "22",
                            "ingress.788117183.cidr_blocks.#": "1",
                            "ingress.788117183.cidr_blocks.0": "10.34.0.0/16",
                            "ingress.788117183.from_port": "9200",
                            "ingress.788117183.protocol": "tcp",
                            "ingress.788117183.security_groups.#": "0",
                            "ingress.788117183.self": "false",
                            "ingress.788117183.to_port": "9400",
                            "name": "elasticsearch",
                            "owner_id": "128669107540",
                            "tags.%": "0",
                            "vpc_id": "vpc-1a6e597e"
                        },
                        "meta": {},
                        "tainted": false
                    },
                    "deposed": [],
                    "provider": ""
                },
                "aws_security_group.kibana": {
                    "type": "aws_security_group",
                    "depends_on": [],
                    "primary": {
                        "id": "sg-5a04e523",
                        "attributes": {
                            "description": "Managed by Terraform",
                            "egress.#": "1",
                            "egress.482069346.cidr_blocks.#": "1",
                            "egress.482069346.cidr_blocks.0": "0.0.0.0/0",
                            "egress.482069346.from_port": "0",
                            "egress.482069346.prefix_list_ids.#": "0",
                            "egress.482069346.protocol": "-1",
                            "egress.482069346.security_groups.#": "0",
                            "egress.482069346.self": "false",
                            "egress.482069346.to_port": "0",
                            "id": "sg-5a04e523",
                            "ingress.#": "3",
                            "ingress.1043665412.cidr_blocks.#": "1",
                            "ingress.1043665412.cidr_blocks.0": "10.34.0.0/16",
                            "ingress.1043665412.from_port": "8",
                            "ingress.1043665412.protocol": "icmp",
                            "ingress.1043665412.security_groups.#": "0",
                            "ingress.1043665412.self": "false",
                            "ingress.1043665412.to_port": "0",
                            "ingress.1901565065.cidr_blocks.#": "1",
                            "ingress.1901565065.cidr_blocks.0": "10.34.0.0/16",
                            "ingress.1901565065.from_port": "22",
                            "ingress.1901565065.protocol": "tcp",
                            "ingress.1901565065.security_groups.#": "0",
                            "ingress.1901565065.self": "false",
                            "ingress.1901565065.to_port": "22",
                            "ingress.2815899544.cidr_blocks.#": "1",
                            "ingress.2815899544.cidr_blocks.0": "10.34.0.0/16",
                            "ingress.2815899544.from_port": "5601",
                            "ingress.2815899544.protocol": "tcp",
                            "ingress.2815899544.security_groups.#": "0",
                            "ingress.2815899544.self": "false",
                            "ingress.2815899544.to_port": "5601",
                            "name": "kibana",
                            "owner_id": "128669107540",
                            "tags.%": "0",
                            "vpc_id": "vpc-1a6e597e"
                        },
                        "meta": {},
                        "tainted": false
                    },
                    "deposed": [],
                    "provider": ""
                },
                "aws_security_group.logstash": {
                    "type": "aws_security_group",
                    "depends_on": [],
                    "primary": {
                        "id": "sg-5804e521",
                        "attributes": {
                            "description": "Managed by Terraform",
                            "egress.#": "1",
                            "egress.482069346.cidr_blocks.#": "1",
                            "egress.482069346.cidr_blocks.0": "0.0.0.0/0",
                            "egress.482069346.from_port": "0",
                            "egress.482069346.prefix_list_ids.#": "0",
                            "egress.482069346.protocol": "-1",
                            "egress.482069346.security_groups.#": "0",
                            "egress.482069346.self": "false",
                            "egress.482069346.to_port": "0",
                            "id": "sg-5804e521",
                            "ingress.#": "5",
                            "ingress.1043665412.cidr_blocks.#": "1",
                            "ingress.1043665412.cidr_blocks.0": "10.34.0.0/16",
                            "ingress.1043665412.from_port": "8",
                            "ingress.1043665412.protocol": "icmp",
                            "ingress.1043665412.security_groups.#": "0",
                            "ingress.1043665412.self": "false",
                            "ingress.1043665412.to_port": "0",
                            "ingress.1901565065.cidr_blocks.#": "1",
                            "ingress.1901565065.cidr_blocks.0": "10.34.0.0/16",
                            "ingress.1901565065.from_port": "22",
                            "ingress.1901565065.protocol": "tcp",
                            "ingress.1901565065.security_groups.#": "0",
                            "ingress.1901565065.self": "false",
                            "ingress.1901565065.to_port": "22",
                            "ingress.234288531.cidr_blocks.#": "1",
                            "ingress.234288531.cidr_blocks.0": "10.34.0.0/16",
                            "ingress.234288531.from_port": "9300",
                            "ingress.234288531.protocol": "tcp",
                            "ingress.234288531.security_groups.#": "0",
                            "ingress.234288531.self": "false",
                            "ingress.234288531.to_port": "9300",
                            "ingress.2460019576.cidr_blocks.#": "1",
                            "ingress.2460019576.cidr_blocks.0": "10.34.0.0/16",
                            "ingress.2460019576.from_port": "9200",
                            "ingress.2460019576.protocol": "tcp",
                            "ingress.2460019576.security_groups.#": "0",
                            "ingress.2460019576.self": "false",
                            "ingress.2460019576.to_port": "9200",
                            "ingress.2815899544.cidr_blocks.#": "1",
                            "ingress.2815899544.cidr_blocks.0": "10.34.0.0/16",
                            "ingress.2815899544.from_port": "5601",
                            "ingress.2815899544.protocol": "tcp",
                            "ingress.2815899544.security_groups.#": "0",
                            "ingress.2815899544.self": "false",
                            "ingress.2815899544.to_port": "5601",
                            "name": "logstash",
                            "owner_id": "128669107540",
                            "tags.%": "0",
                            "vpc_id": "vpc-1a6e597e"
                        },
                        "meta": {},
                        "tainted": false
                    },
                    "deposed": [],
                    "provider": ""
                },
                "aws_security_group.mongo": {
                    "type": "aws_security_group",
                    "depends_on": [],
                    "primary": {
                        "id": "sg-6504e51c",
                        "attributes": {
                            "description": "Managed by Terraform",
                            "egress.#": "1",
                            "egress.482069346.cidr_blocks.#": "1",
                            "egress.482069346.cidr_blocks.0": "0.0.0.0/0",
                            "egress.482069346.from_port": "0",
                            "egress.482069346.prefix_list_ids.#": "0",
                            "egress.482069346.protocol": "-1",
                            "egress.482069346.security_groups.#": "0",
                            "egress.482069346.self": "false",
                            "egress.482069346.to_port": "0",
                            "id": "sg-6504e51c",
                            "ingress.#": "4",
                            "ingress.1043665412.cidr_blocks.#": "1",
                            "ingress.1043665412.cidr_blocks.0": "10.34.0.0/16",
                            "ingress.1043665412.from_port": "8",
                            "ingress.1043665412.protocol": "icmp",
                            "ingress.1043665412.security_groups.#": "0",
                            "ingress.1043665412.self": "false",
                            "ingress.1043665412.to_port": "0",
                            "ingress.1901565065.cidr_blocks.#": "1",
                            "ingress.1901565065.cidr_blocks.0": "10.34.0.0/16",
                            "ingress.1901565065.from_port": "22",
                            "ingress.1901565065.protocol": "tcp",
                            "ingress.1901565065.security_groups.#": "0",
                            "ingress.1901565065.self": "false",
                            "ingress.1901565065.to_port": "22",
                            "ingress.4119517417.cidr_blocks.#": "1",
                            "ingress.4119517417.cidr_blocks.0": "10.34.0.0/16",
                            "ingress.4119517417.from_port": "28017",
                            "ingress.4119517417.protocol": "tcp",
                            "ingress.4119517417.security_groups.#": "0",
                            "ingress.4119517417.self": "false",
                            "ingress.4119517417.to_port": "28017",
                            "ingress.4240505633.cidr_blocks.#": "1",
                            "ingress.4240505633.cidr_blocks.0": "10.34.0.0/16",
                            "ingress.4240505633.from_port": "27017",
                            "ingress.4240505633.protocol": "tcp",
                            "ingress.4240505633.security_groups.#": "0",
                            "ingress.4240505633.self": "false",
                            "ingress.4240505633.to_port": "27017",
                            "name": "mongo",
                            "owner_id": "128669107540",
                            "tags.%": "0",
                            "vpc_id": "vpc-1a6e597e"
                        },
                        "meta": {},
                        "tainted": false
                    },
                    "deposed": [],
                    "provider": ""
                },
                "aws_security_group.nginx": {
                    "type": "aws_security_group",
                    "depends_on": [],
                    "primary": {
                        "id": "sg-5b04e522",
                        "attributes": {
                            "description": "Managed by Terraform",
                            "egress.#": "1",
                            "egress.482069346.cidr_blocks.#": "1",
                            "egress.482069346.cidr_blocks.0": "0.0.0.0/0",
                            "egress.482069346.from_port": "0",
                            "egress.482069346.prefix_list_ids.#": "0",
                            "egress.482069346.protocol": "-1",
                            "egress.482069346.security_groups.#": "0",
                            "egress.482069346.self": "false",
                            "egress.482069346.to_port": "0",
                            "id": "sg-5b04e522",
                            "ingress.#": "4",
                            "ingress.1043665412.cidr_blocks.#": "1",
                            "ingress.1043665412.cidr_blocks.0": "10.34.0.0/16",
                            "ingress.1043665412.from_port": "8",
                            "ingress.1043665412.protocol": "icmp",
                            "ingress.1043665412.security_groups.#": "0",
                            "ingress.1043665412.self": "false",
                            "ingress.1043665412.to_port": "0",
                            "ingress.1071203337.cidr_blocks.#": "1",
                            "ingress.1071203337.cidr_blocks.0": "74.217.76.96/27",
                            "ingress.1071203337.from_port": "443",
                            "ingress.1071203337.protocol": "tcp",
                            "ingress.1071203337.security_groups.#": "0",
                            "ingress.1071203337.self": "false",
                            "ingress.1071203337.to_port": "443",
                            "ingress.1901565065.cidr_blocks.#": "1",
                            "ingress.1901565065.cidr_blocks.0": "10.34.0.0/16",
                            "ingress.1901565065.from_port": "22",
                            "ingress.1901565065.protocol": "tcp",
                            "ingress.1901565065.security_groups.#": "0",
                            "ingress.1901565065.self": "false",
                            "ingress.1901565065.to_port": "22",
                            "ingress.4164128593.cidr_blocks.#": "1",
                            "ingress.4164128593.cidr_blocks.0": "74.217.76.96/27",
                            "ingress.4164128593.from_port": "80",
                            "ingress.4164128593.protocol": "tcp",
                            "ingress.4164128593.security_groups.#": "0",
                            "ingress.4164128593.self": "false",
                            "ingress.4164128593.to_port": "80",
                            "name": "nginx",
                            "owner_id": "128669107540",
                            "tags.%": "0",
                            "vpc_id": "vpc-1a6e597e"
                        },
                        "meta": {},
                        "tainted": false
                    },
                    "deposed": [],
                    "provider": ""
                },
                "aws_security_group.nodejs": {
                    "type": "aws_security_group",
                    "depends_on": [],
                    "primary": {
                        "id": "sg-6604e51f",
                        "attributes": {
                            "description": "Managed by Terraform",
                            "egress.#": "1",
                            "egress.482069346.cidr_blocks.#": "1",
                            "egress.482069346.cidr_blocks.0": "0.0.0.0/0",
                            "egress.482069346.from_port": "0",
                            "egress.482069346.prefix_list_ids.#": "0",
                            "egress.482069346.protocol": "-1",
                            "egress.482069346.security_groups.#": "0",
                            "egress.482069346.self": "false",
                            "egress.482069346.to_port": "0",
                            "id": "sg-6604e51f",
                            "ingress.#": "3",
                            "ingress.1043665412.cidr_blocks.#": "1",
                            "ingress.1043665412.cidr_blocks.0": "10.34.0.0/16",
                            "ingress.1043665412.from_port": "8",
                            "ingress.1043665412.protocol": "icmp",
                            "ingress.1043665412.security_groups.#": "0",
                            "ingress.1043665412.self": "false",
                            "ingress.1043665412.to_port": "0",
                            "ingress.1901565065.cidr_blocks.#": "1",
                            "ingress.1901565065.cidr_blocks.0": "10.34.0.0/16",
                            "ingress.1901565065.from_port": "22",
                            "ingress.1901565065.protocol": "tcp",
                            "ingress.1901565065.security_groups.#": "0",
                            "ingress.1901565065.self": "false",
                            "ingress.1901565065.to_port": "22",
                            "ingress.2025415170.cidr_blocks.#": "1",
                            "ingress.2025415170.cidr_blocks.0": "10.34.0.0/16",
                            "ingress.2025415170.from_port": "3000",
                            "ingress.2025415170.protocol": "tcp",
                            "ingress.2025415170.security_groups.#": "0",
                            "ingress.2025415170.self": "false",
                            "ingress.2025415170.to_port": "3000",
                            "name": "nodejs",
                            "owner_id": "128669107540",
                            "tags.%": "1",
                            "tags.Terraform": "managed",
                            "vpc_id": "vpc-1a6e597e"
                        },
                        "meta": {},
                        "tainted": false
                    },
                    "deposed": [],
                    "provider": ""
                },
                "aws_security_group.queue_server": {
                    "type": "aws_security_group",
                    "depends_on": [],
                    "primary": {
                        "id": "sg-5004e529",
                        "attributes": {
                            "description": "Managed by Terraform",
                            "egress.#": "1",
                            "egress.482069346.cidr_blocks.#": "1",
                            "egress.482069346.cidr_blocks.0": "0.0.0.0/0",
                            "egress.482069346.from_port": "0",
                            "egress.482069346.prefix_list_ids.#": "0",
                            "egress.482069346.protocol": "-1",
                            "egress.482069346.security_groups.#": "0",
                            "egress.482069346.self": "false",
                            "egress.482069346.to_port": "0",
                            "id": "sg-5004e529",
                            "ingress.#": "7",
                            "ingress.1043665412.cidr_blocks.#": "1",
                            "ingress.1043665412.cidr_blocks.0": "10.34.0.0/16",
                            "ingress.1043665412.from_port": "8",
                            "ingress.1043665412.protocol": "icmp",
                            "ingress.1043665412.security_groups.#": "0",
                            "ingress.1043665412.self": "false",
                            "ingress.1043665412.to_port": "0",
                            "ingress.1901565065.cidr_blocks.#": "1",
                            "ingress.1901565065.cidr_blocks.0": "10.34.0.0/16",
                            "ingress.1901565065.from_port": "22",
                            "ingress.1901565065.protocol": "tcp",
                            "ingress.1901565065.security_groups.#": "0",
                            "ingress.1901565065.self": "false",
                            "ingress.1901565065.to_port": "22",
                            "ingress.2086908477.cidr_blocks.#": "1",
                            "ingress.2086908477.cidr_blocks.0": "10.34.0.0/16",
                            "ingress.2086908477.from_port": "4369",
                            "ingress.2086908477.protocol": "tcp",
                            "ingress.2086908477.security_groups.#": "0",
                            "ingress.2086908477.self": "false",
                            "ingress.2086908477.to_port": "4370",
                            "ingress.2413662721.cidr_blocks.#": "1",
                            "ingress.2413662721.cidr_blocks.0": "10.34.0.0/16",
                            "ingress.2413662721.from_port": "15672",
                            "ingress.2413662721.protocol": "tcp",
                            "ingress.2413662721.security_groups.#": "0",
                            "ingress.2413662721.self": "false",
                            "ingress.2413662721.to_port": "15672",
                            "ingress.2701576052.cidr_blocks.#": "1",
                            "ingress.2701576052.cidr_blocks.0": "10.34.0.0/16",
                            "ingress.2701576052.from_port": "25672",
                            "ingress.2701576052.protocol": "tcp",
                            "ingress.2701576052.security_groups.#": "0",
                            "ingress.2701576052.self": "false",
                            "ingress.2701576052.to_port": "25672",
                            "ingress.4101373889.cidr_blocks.#": "1",
                            "ingress.4101373889.cidr_blocks.0": "10.34.0.0/16",
                            "ingress.4101373889.from_port": "35197",
                            "ingress.4101373889.protocol": "tcp",
                            "ingress.4101373889.security_groups.#": "0",
                            "ingress.4101373889.self": "false",
                            "ingress.4101373889.to_port": "35197",
                            "ingress.653215170.cidr_blocks.#": "1",
                            "ingress.653215170.cidr_blocks.0": "10.34.0.0/16",
                            "ingress.653215170.from_port": "5672",
                            "ingress.653215170.protocol": "tcp",
                            "ingress.653215170.security_groups.#": "0",
                            "ingress.653215170.self": "false",
                            "ingress.653215170.to_port": "5672",
                            "name": "queue_server",
                            "owner_id": "128669107540",
                            "tags.%": "1",
                            "tags.Terraform": "managed",
                            "vpc_id": "vpc-1a6e597e"
                        },
                        "meta": {},
                        "tainted": false
                    },
                    "deposed": [],
                    "provider": ""
                },
                "aws_security_group.redis": {
                    "type": "aws_security_group",
                    "depends_on": [],
                    "primary": {
                        "id": "sg-5904e520",
                        "attributes": {
                            "description": "Managed by Terraform",
                            "egress.#": "1",
                            "egress.482069346.cidr_blocks.#": "1",
                            "egress.482069346.cidr_blocks.0": "0.0.0.0/0",
                            "egress.482069346.from_port": "0",
                            "egress.482069346.prefix_list_ids.#": "0",
                            "egress.482069346.protocol": "-1",
                            "egress.482069346.security_groups.#": "0",
                            "egress.482069346.self": "false",
                            "egress.482069346.to_port": "0",
                            "id": "sg-5904e520",
                            "ingress.#": "4",
                            "ingress.1043665412.cidr_blocks.#": "1",
                            "ingress.1043665412.cidr_blocks.0": "10.34.0.0/16",
                            "ingress.1043665412.from_port": "8",
                            "ingress.1043665412.protocol": "icmp",
                            "ingress.1043665412.security_groups.#": "0",
                            "ingress.1043665412.self": "false",
                            "ingress.1043665412.to_port": "0",
                            "ingress.1364904493.cidr_blocks.#": "1",
                            "ingress.1364904493.cidr_blocks.0": "10.34.0.0/16",
                            "ingress.1364904493.from_port": "26379",
                            "ingress.1364904493.protocol": "tcp",
                            "ingress.1364904493.security_groups.#": "0",
                            "ingress.1364904493.self": "false",
                            "ingress.1364904493.to_port": "26379",
                            "ingress.1901565065.cidr_blocks.#": "1",
                            "ingress.1901565065.cidr_blocks.0": "10.34.0.0/16",
                            "ingress.1901565065.from_port": "22",
                            "ingress.1901565065.protocol": "tcp",
                            "ingress.1901565065.security_groups.#": "0",
                            "ingress.1901565065.self": "false",
                            "ingress.1901565065.to_port": "22",
                            "ingress.2508882569.cidr_blocks.#": "1",
                            "ingress.2508882569.cidr_blocks.0": "10.34.0.0/16",
                            "ingress.2508882569.from_port": "6379",
                            "ingress.2508882569.protocol": "tcp",
                            "ingress.2508882569.security_groups.#": "0",
                            "ingress.2508882569.self": "false",
                            "ingress.2508882569.to_port": "6379",
                            "name": "redis",
                            "owner_id": "128669107540",
                            "tags.%": "0",
                            "vpc_id": "vpc-1a6e597e"
                        },
                        "meta": {},
                        "tainted": false
                    },
                    "deposed": [],
                    "provider": ""
                }
            },
            "depends_on": []
        },
        {
            "path": [
                "root",
                "admin",
                "bitnami_nodejs"
            ],
            "outputs": {
                "ami_id": {
                    "sensitive": false,
                    "type": "string",
                    "value": "ami-e98f7089"
                }
            },
            "resources": {},
            "depends_on": []
        },
        {
            "path": [
                "root",
                "backoffice",
                "ubuntu"
            ],
            "outputs": {
                "ami_id": {
                    "sensitive": false,
                    "type": "string",
                    "value": "ami-8c4cb0ec"
                }
            },
            "resources": {},
            "depends_on": []
        },
        {
            "path": [
                "root",
                "dbsilo1",
                "elasticsearch"
            ],
            "outputs": {},
            "resources": {
                "aws_autoscaling_group.default": {
                    "type": "aws_autoscaling_group",
                    "depends_on": [
                        "aws_launch_configuration.default"
                    ],
                    "primary": {
                        "id": "dev-dbsilo1-elasticsearch",
                        "attributes": {
                            "availability_zones.#": "3",
                            "availability_zones.2050015877": "us-west-2c",
                            "availability_zones.221770259": "us-west-2b",
                            "availability_zones.2487133097": "us-west-2a",
                            "default_cooldown": "300",
                            "desired_capacity": "3",
                            "force_delete": "false",
                            "health_check_grace_period": "300",
                            "health_check_type": "EC2",
                            "id": "dev-dbsilo1-elasticsearch",
                            "launch_configuration": "dev-dbsilo1-elasticsearch-v1-mo4y225pcbb4da6us3o74nrfeu",
                            "load_balancers.#": "0",
                            "max_size": "3",
                            "metrics_granularity": "1Minute",
                            "min_size": "0",
                            "name": "dev-dbsilo1-elasticsearch",
                            "placement_group": "",
                            "protect_from_scale_in": "false",
                            "tag.#": "3",
                            "tag.1863354869.key": "Name",
                            "tag.1863354869.propagate_at_launch": "true",
                            "tag.1863354869.value": "dev-dbsilo1-elasticsearch-v1",
                            "tag.453964839.key": "Type",
                            "tag.453964839.propagate_at_launch": "true",
                            "tag.453964839.value": "elasticsearch",
                            "tag.908676197.key": "Service",
                            "tag.908676197.propagate_at_launch": "true",
                            "tag.908676197.value": "dbsilo1-elasticsearch",
                            "target_group_arns.#": "0",
                            "termination_policies.#": "0",
                            "vpc_zone_identifier.#": "3",
                            "vpc_zone_identifier.3139290232": "subnet-dc3549aa",
                            "vpc_zone_identifier.3544901239": "subnet-3a7e5a5e",
                            "vpc_zone_identifier.53804767": "subnet-27ba067f",
                            "wait_for_capacity_timeout": "10m"
                        },
                        "meta": {},
                        "tainted": false
                    },
                    "deposed": [],
                    "provider": ""
                },
                "aws_launch_configuration.default": {
                    "type": "aws_launch_configuration",
                    "depends_on": [
                        "data.template_file.user_data"
                    ],
                    "primary": {
                        "id": "dev-dbsilo1-elasticsearch-v1-mo4y225pcbb4da6us3o74nrfeu",
                        "attributes": {
                            "associate_public_ip_address": "false",
                            "ebs_block_device.#": "0",
                            "ebs_optimized": "false",
                            "enable_monitoring": "false",
                            "ephemeral_block_device.#": "0",
                            "iam_instance_profile": "elasticsearch",
                            "id": "dev-dbsilo1-elasticsearch-v1-mo4y225pcbb4da6us3o74nrfeu",
                            "image_id": "ami-23d00643",
                            "instance_type": "t2.micro",
                            "key_name": "navopt-us-west-2-dev",
                            "name": "dev-dbsilo1-elasticsearch-v1-mo4y225pcbb4da6us3o74nrfeu",
                            "name_prefix": "dev-dbsilo1-elasticsearch-v1-",
                            "root_block_device.#": "0",
                            "security_groups.#": "1",
                            "security_groups.3886191873": "sg-6704e51e",
                            "spot_price": "",
                            "user_data": "1fa7fb1701eb66453b879df9045259fadfaf1231",
                            "vpc_classic_link_id": "",
                            "vpc_classic_link_security_groups.#": "0"
                        },
                        "meta": {},
                        "tainted": false
                    },
                    "deposed": [],
                    "provider": ""
                },
                "data.template_file.user_data": {
                    "type": "template_file",
                    "depends_on": [],
                    "primary": {
                        "id": "bb0da41f944acfd4dd4b2de93ca7a8ded3c5bd3134f0334bf7ddfc3309862ebe",
                        "attributes": {
                            "id": "bb0da41f944acfd4dd4b2de93ca7a8ded3c5bd3134f0334bf7ddfc3309862ebe",
                            "rendered": "#!/bin/bash\n\nset -euv\n\n/bin/cat \u003c\u003cEOF \u003e /etc/navoptenv.json\n{\n    \"app\": \"navopt\",\n    \"env\": \"dev\",\n    \"service\": \"dbsilo1-elasticsearch\",\n    \"type\": \"elasticsearch\",\n    \"zone_name\": \"navopt-dev.cloudera.com\",\n    \"datadog_api_key\": \"450d437e4234a90b04a15396bd2a83b8\",\n    \"sg_name\": \"sg-6704e51e\"\n}\nEOF\n\n/bin/cat \u003c\u003cEOF \u003e /etc/dd-agent/datadog.conf\n[Main]\n\ndd_url: https://app.datadoghq.com\napi_key: 450d437e4234a90b04a15396bd2a83b8\nuse_mount: no\n\ntags: app:navopt, env:dev, service:dbsilo1-elasticsearch, type:elasticsearch\nEOF\n/bin/chown dd-agent /etc/dd-agent/datadog.conf\n/usr/sbin/service datadog-agent start\n\nservice elasticsearch restart\n",
                            "template": "#!/bin/bash\n\nset -euv\n\n/bin/cat \u003c\u003cEOF \u003e /etc/navoptenv.json\n{\n    \"app\": \"${app}\",\n    \"env\": \"${env}\",\n    \"service\": \"${service}\",\n    \"type\": \"${type}\",\n    \"zone_name\": \"${zone_name}\",\n    \"datadog_api_key\": \"${datadog_api_key}\",\n    \"sg_name\": \"${sg_name}\"\n}\nEOF\n\n/bin/cat \u003c\u003cEOF \u003e /etc/dd-agent/datadog.conf\n[Main]\n\ndd_url: https://app.datadoghq.com\napi_key: ${datadog_api_key}\nuse_mount: no\n\ntags: app:${app}, env:${env}, service:${service}, type:${type}\nEOF\n/bin/chown dd-agent /etc/dd-agent/datadog.conf\n/usr/sbin/service datadog-agent start\n\nservice elasticsearch restart\n",
                            "vars.%": "7",
                            "vars.app": "navopt",
                            "vars.datadog_api_key": "450d437e4234a90b04a15396bd2a83b8",
                            "vars.env": "dev",
                            "vars.service": "dbsilo1-elasticsearch",
                            "vars.sg_name": "sg-6704e51e",
                            "vars.type": "elasticsearch",
                            "vars.zone_name": "navopt-dev.cloudera.com"
                        },
                        "meta": {},
                        "tainted": false
                    },
                    "deposed": [],
                    "provider": ""
                }
            },
            "depends_on": []
        },
        {
            "path": [
                "root",
                "dbsilo1",
                "mongodb"
            ],
            "outputs": {},
            "resources": {
                "aws_autoscaling_group.default": {
                    "type": "aws_autoscaling_group",
                    "depends_on": [
                        "aws_launch_configuration.default"
                    ],
                    "primary": {
                        "id": "dev-dbsilo1-mongo",
                        "attributes": {
                            "availability_zones.#": "3",
                            "availability_zones.2050015877": "us-west-2c",
                            "availability_zones.221770259": "us-west-2b",
                            "availability_zones.2487133097": "us-west-2a",
                            "default_cooldown": "300",
                            "desired_capacity": "3",
                            "force_delete": "false",
                            "health_check_grace_period": "300",
                            "health_check_type": "EC2",
                            "id": "dev-dbsilo1-mongo",
                            "launch_configuration": "dev-dbsilo1-mongo-v1-azfyfavzufhijauwasyb6finry",
                            "load_balancers.#": "0",
                            "max_size": "3",
                            "metrics_granularity": "1Minute",
                            "min_size": "0",
                            "name": "dev-dbsilo1-mongo",
                            "placement_group": "",
                            "protect_from_scale_in": "false",
                            "tag.#": "3",
                            "tag.1635941802.key": "Service",
                            "tag.1635941802.propagate_at_launch": "true",
                            "tag.1635941802.value": "dbsilo1-mongo",
                            "tag.238295277.key": "Type",
                            "tag.238295277.propagate_at_launch": "true",
                            "tag.238295277.value": "mongo",
                            "tag.2463721802.key": "Name",
                            "tag.2463721802.propagate_at_launch": "true",
                            "tag.2463721802.value": "dev-dbsilo1-mongo-v1",
                            "target_group_arns.#": "0",
                            "termination_policies.#": "0",
                            "vpc_zone_identifier.#": "3",
                            "vpc_zone_identifier.3139290232": "subnet-dc3549aa",
                            "vpc_zone_identifier.3544901239": "subnet-3a7e5a5e",
                            "vpc_zone_identifier.53804767": "subnet-27ba067f",
                            "wait_for_capacity_timeout": "10m"
                        },
                        "meta": {},
                        "tainted": false
                    },
                    "deposed": [],
                    "provider": ""
                },
                "aws_launch_configuration.default": {
                    "type": "aws_launch_configuration",
                    "depends_on": [
                        "data.template_file.user_data"
                    ],
                    "primary": {
                        "id": "dev-dbsilo1-mongo-v1-azfyfavzufhijauwasyb6finry",
                        "attributes": {
                            "associate_public_ip_address": "false",
                            "ebs_block_device.#": "0",
                            "ebs_optimized": "false",
                            "enable_monitoring": "false",
                            "ephemeral_block_device.#": "0",
                            "iam_instance_profile": "mongo",
                            "id": "dev-dbsilo1-mongo-v1-azfyfavzufhijauwasyb6finry",
                            "image_id": "ami-03d10763",
                            "instance_type": "t2.micro",
                            "key_name": "navopt-us-west-2-dev",
                            "name": "dev-dbsilo1-mongo-v1-azfyfavzufhijauwasyb6finry",
                            "name_prefix": "dev-dbsilo1-mongo-v1-",
                            "root_block_device.#": "0",
                            "security_groups.#": "1",
                            "security_groups.2573082909": "sg-6504e51c",
                            "spot_price": "",
                            "user_data": "d8b5715d12736e3dfa6bb74cd9194fd6285c4c68",
                            "vpc_classic_link_id": "",
                            "vpc_classic_link_security_groups.#": "0"
                        },
                        "meta": {},
                        "tainted": false
                    },
                    "deposed": [],
                    "provider": ""
                },
                "data.template_file.user_data": {
                    "type": "template_file",
                    "depends_on": [],
                    "primary": {
                        "id": "4227168d68734a434aaec2771d71bcfbcab55e1d4322f055a9acb5ac44aa1078",
                        "attributes": {
                            "id": "4227168d68734a434aaec2771d71bcfbcab55e1d4322f055a9acb5ac44aa1078",
                            "rendered": "#!/bin/bash\n\nset -euv\n\n/bin/cat \u003c\u003cEOF \u003e /etc/navoptenv.json\n{\n    \"app\": \"navopt\",\n    \"env\": \"dev\",\n    \"service\": \"dbsilo1-mongo\",\n    \"replica_set\": \"mongomaster.dbsilo1.dev.xplain.io\",\n    \"type\": \"mongo\",\n    \"zone_name\": \"navopt-dev.cloudera.com\",\n    \"datadog_api_key\": \"450d437e4234a90b04a15396bd2a83b8\",\n    \"source\": \"null\"\n}\nEOF\n\n/bin/cat \u003c\u003cEOF \u003e /etc/dd-agent/datadog.conf\n[Main]\n\ndd_url: https://app.datadoghq.com\napi_key: 450d437e4234a90b04a15396bd2a83b8\nuse_mount: no\n\ntags: app:navopt, env:dev, service:dbsilo1-mongo, type:mongo\nEOF\n/bin/chown dd-agent /etc/dd-agent/datadog.conf\n/usr/sbin/service datadog-agent restart\n",
                            "template": "#!/bin/bash\n\nset -euv\n\n/bin/cat \u003c\u003cEOF \u003e /etc/navoptenv.json\n{\n    \"app\": \"${app}\",\n    \"env\": \"${env}\",\n    \"service\": \"${service}\",\n    \"replica_set\": \"${replica_set}\",\n    \"type\": \"${type}\",\n    \"zone_name\": \"${zone_name}\",\n    \"datadog_api_key\": \"${datadog_api_key}\",\n    \"source\": \"${snapshot_id}\"\n}\nEOF\n\n/bin/cat \u003c\u003cEOF \u003e /etc/dd-agent/datadog.conf\n[Main]\n\ndd_url: https://app.datadoghq.com\napi_key: ${datadog_api_key}\nuse_mount: no\n\ntags: app:${app}, env:${env}, service:${service}, type:${type}\nEOF\n/bin/chown dd-agent /etc/dd-agent/datadog.conf\n/usr/sbin/service datadog-agent restart\n",
                            "vars.%": "8",
                            "vars.app": "navopt",
                            "vars.datadog_api_key": "450d437e4234a90b04a15396bd2a83b8",
                            "vars.env": "dev",
                            "vars.replica_set": "mongomaster.dbsilo1.dev.xplain.io",
                            "vars.service": "dbsilo1-mongo",
                            "vars.snapshot_id": "null",
                            "vars.type": "mongo",
                            "vars.zone_name": "navopt-dev.cloudera.com"
                        },
                        "meta": {},
                        "tainted": false
                    },
                    "deposed": [],
                    "provider": ""
                }
            },
            "depends_on": []
        },
        {
            "path": [
                "root",
                "deployment-root",
                "ubuntu"
            ],
            "outputs": {
                "ami_id": {
                    "sensitive": false,
                    "type": "string",
                    "value": "ami-8c4cb0ec"
                }
            },
            "resources": {},
            "depends_on": []
        },
        {
            "path": [
                "root",
                "logging",
                "elasticsearch"
            ],
            "outputs": {},
            "resources": {
                "aws_autoscaling_group.default": {
                    "type": "aws_autoscaling_group",
                    "depends_on": [
                        "aws_launch_configuration.default"
                    ],
                    "primary": {
                        "id": "logging-elastic",
                        "attributes": {
                            "availability_zones.#": "3",
                            "availability_zones.2050015877": "us-west-2c",
                            "availability_zones.221770259": "us-west-2b",
                            "availability_zones.2487133097": "us-west-2a",
                            "default_cooldown": "300",
                            "desired_capacity": "1",
                            "force_delete": "false",
                            "health_check_grace_period": "300",
                            "health_check_type": "EC2",
                            "id": "logging-elastic",
                            "launch_configuration": "logging-elastic-v1-se7mmbtwbnel5bd66nope5d474",
                            "load_balancers.#": "0",
                            "max_size": "1",
                            "metrics_granularity": "1Minute",
                            "min_size": "0",
                            "name": "logging-elastic",
                            "placement_group": "",
                            "protect_from_scale_in": "false",
                            "tag.#": "3",
                            "tag.1041459937.key": "Service",
                            "tag.1041459937.propagate_at_launch": "true",
                            "tag.1041459937.value": "logging-elastic",
                            "tag.2826103544.key": "Name",
                            "tag.2826103544.propagate_at_launch": "true",
                            "tag.2826103544.value": "logging-elastic-v1",
                            "tag.453964839.key": "Type",
                            "tag.453964839.propagate_at_launch": "true",
                            "tag.453964839.value": "elasticsearch",
                            "target_group_arns.#": "0",
                            "termination_policies.#": "0",
                            "vpc_zone_identifier.#": "3",
                            "vpc_zone_identifier.3139290232": "subnet-dc3549aa",
                            "vpc_zone_identifier.3544901239": "subnet-3a7e5a5e",
                            "vpc_zone_identifier.53804767": "subnet-27ba067f",
                            "wait_for_capacity_timeout": "10m"
                        },
                        "meta": {},
                        "tainted": false
                    },
                    "deposed": [],
                    "provider": ""
                },
                "aws_launch_configuration.default": {
                    "type": "aws_launch_configuration",
                    "depends_on": [
                        "data.template_file.user_data"
                    ],
                    "primary": {
                        "id": "logging-elastic-v1-se7mmbtwbnel5bd66nope5d474",
                        "attributes": {
                            "associate_public_ip_address": "false",
                            "ebs_block_device.#": "0",
                            "ebs_optimized": "false",
                            "enable_monitoring": "false",
                            "ephemeral_block_device.#": "0",
                            "iam_instance_profile": "elasticsearch",
                            "id": "logging-elastic-v1-se7mmbtwbnel5bd66nope5d474",
                            "image_id": "ami-23d00643",
                            "instance_type": "t2.micro",
                            "key_name": "navopt-us-west-2-dev",
                            "name": "logging-elastic-v1-se7mmbtwbnel5bd66nope5d474",
                            "name_prefix": "logging-elastic-v1-",
                            "root_block_device.#": "0",
                            "security_groups.#": "1",
                            "security_groups.3886191873": "sg-6704e51e",
                            "spot_price": "",
                            "user_data": "c40b66a63f53323edc6f2947f8694426f174d085",
                            "vpc_classic_link_id": "",
                            "vpc_classic_link_security_groups.#": "0"
                        },
                        "meta": {},
                        "tainted": false
                    },
                    "deposed": [],
                    "provider": ""
                },
                "data.template_file.user_data": {
                    "type": "template_file",
                    "depends_on": [],
                    "primary": {
                        "id": "c555ce704b8e239197894ba0a73e3f7b279bc65386772df48e2053b336d7616c",
                        "attributes": {
                            "id": "c555ce704b8e239197894ba0a73e3f7b279bc65386772df48e2053b336d7616c",
                            "rendered": "#!/bin/bash\n\nset -euv\n\n/bin/cat \u003c\u003cEOF \u003e /etc/navoptenv.json\n{\n    \"app\": \"navopt\",\n    \"env\": \"dev\",\n    \"service\": \"logging-elastic\",\n    \"type\": \"elasticsearch\",\n    \"zone_name\": \"navopt-dev.cloudera.com\",\n    \"datadog_api_key\": \"450d437e4234a90b04a15396bd2a83b8\",\n    \"sg_name\": \"sg-6704e51e\"\n}\nEOF\n\n/bin/cat \u003c\u003cEOF \u003e /etc/dd-agent/datadog.conf\n[Main]\n\ndd_url: https://app.datadoghq.com\napi_key: 450d437e4234a90b04a15396bd2a83b8\nuse_mount: no\n\ntags: app:navopt, env:dev, service:logging-elastic, type:elasticsearch\nEOF\n/bin/chown dd-agent /etc/dd-agent/datadog.conf\n/usr/sbin/service datadog-agent start\n\nservice elasticsearch restart\n",
                            "template": "#!/bin/bash\n\nset -euv\n\n/bin/cat \u003c\u003cEOF \u003e /etc/navoptenv.json\n{\n    \"app\": \"${app}\",\n    \"env\": \"${env}\",\n    \"service\": \"${service}\",\n    \"type\": \"${type}\",\n    \"zone_name\": \"${zone_name}\",\n    \"datadog_api_key\": \"${datadog_api_key}\",\n    \"sg_name\": \"${sg_name}\"\n}\nEOF\n\n/bin/cat \u003c\u003cEOF \u003e /etc/dd-agent/datadog.conf\n[Main]\n\ndd_url: https://app.datadoghq.com\napi_key: ${datadog_api_key}\nuse_mount: no\n\ntags: app:${app}, env:${env}, service:${service}, type:${type}\nEOF\n/bin/chown dd-agent /etc/dd-agent/datadog.conf\n/usr/sbin/service datadog-agent start\n\nservice elasticsearch restart\n",
                            "vars.%": "7",
                            "vars.app": "navopt",
                            "vars.datadog_api_key": "450d437e4234a90b04a15396bd2a83b8",
                            "vars.env": "dev",
                            "vars.service": "logging-elastic",
                            "vars.sg_name": "sg-6704e51e",
                            "vars.type": "elasticsearch",
                            "vars.zone_name": "navopt-dev.cloudera.com"
                        },
                        "meta": {},
                        "tainted": false
                    },
                    "deposed": [],
                    "provider": ""
                }
            },
            "depends_on": []
        },
        {
            "path": [
                "root",
                "logging",
                "kibana"
            ],
            "outputs": {},
            "resources": {
                "aws_instance.kibana": {
                    "type": "aws_instance",
                    "depends_on": [
                        "module.ubuntu"
                    ],
                    "primary": {
                        "id": "i-0fcc77f023a7098e7",
                        "attributes": {
                            "ami": "ami-8c4cb0ec",
                            "availability_zone": "us-west-2a",
                            "disable_api_termination": "false",
                            "ebs_block_device.#": "0",
                            "ebs_optimized": "false",
                            "ephemeral_block_device.#": "0",
                            "iam_instance_profile": "kibana",
                            "id": "i-0fcc77f023a7098e7",
                            "instance_state": "running",
                            "instance_type": "t2.micro",
                            "key_name": "navopt-us-west-2-dev",
                            "monitoring": "false",
                            "network_interface_id": "eni-2b04e365",
                            "private_dns": "ip-10-34-205-141.us-west-2.compute.internal",
                            "private_ip": "10.34.205.141",
                            "public_dns": "",
                            "public_ip": "",
                            "root_block_device.#": "1",
                            "root_block_device.0.delete_on_termination": "true",
                            "root_block_device.0.iops": "100",
                            "root_block_device.0.volume_size": "8",
                            "root_block_device.0.volume_type": "gp2",
                            "security_groups.#": "0",
                            "source_dest_check": "true",
                            "subnet_id": "subnet-dc3549aa",
                            "tags.%": "3",
                            "tags.Cluster": "dev",
                            "tags.Environment": "dev",
                            "tags.Name": "logging-kibana",
                            "tenancy": "default",
                            "vpc_security_group_ids.#": "1",
                            "vpc_security_group_ids.2148395373": "sg-5a04e523"
                        },
                        "meta": {
                            "schema_version": "1"
                        },
                        "tainted": false
                    },
                    "deposed": [],
                    "provider": ""
                }
            },
            "depends_on": []
        },
        {
            "path": [
                "root",
                "logging",
                "logstash"
            ],
            "outputs": {},
            "resources": {
                "aws_instance.logstash": {
                    "type": "aws_instance",
                    "depends_on": [
                        "module.ubuntu"
                    ],
                    "primary": {
                        "id": "i-0163a5241774532e1",
                        "attributes": {
                            "ami": "ami-8c4cb0ec",
                            "availability_zone": "us-west-2a",
                            "disable_api_termination": "false",
                            "ebs_block_device.#": "0",
                            "ebs_optimized": "false",
                            "ephemeral_block_device.#": "0",
                            "iam_instance_profile": "logstash",
                            "id": "i-0163a5241774532e1",
                            "instance_state": "running",
                            "instance_type": "t2.micro",
                            "key_name": "navopt-us-west-2-dev",
                            "monitoring": "false",
                            "network_interface_id": "eni-3d39de73",
                            "private_dns": "ip-10-34-204-221.us-west-2.compute.internal",
                            "private_ip": "10.34.204.221",
                            "public_dns": "",
                            "public_ip": "",
                            "root_block_device.#": "1",
                            "root_block_device.0.delete_on_termination": "true",
                            "root_block_device.0.iops": "100",
                            "root_block_device.0.volume_size": "8",
                            "root_block_device.0.volume_type": "gp2",
                            "security_groups.#": "0",
                            "source_dest_check": "true",
                            "subnet_id": "subnet-dc3549aa",
                            "tags.%": "3",
                            "tags.Cluster": "dev",
                            "tags.Environment": "dev",
                            "tags.Name": "logging-logstash",
                            "tenancy": "default",
                            "vpc_security_group_ids.#": "1",
                            "vpc_security_group_ids.3628999717": "sg-5804e521"
                        },
                        "meta": {
                            "schema_version": "1"
                        },
                        "tainted": false
                    },
                    "deposed": [],
                    "provider": ""
                }
            },
            "depends_on": []
        },
        {
            "path": [
                "root",
                "nginx",
                "ubuntu"
            ],
            "outputs": {
                "ami_id": {
                    "sensitive": false,
                    "type": "string",
                    "value": "ami-8c4cb0ec"
                }
            },
            "resources": {},
            "depends_on": []
        },
        {
            "path": [
                "root",
                "nodejs",
                "bitnami_nodejs"
            ],
            "outputs": {
                "ami_id": {
                    "sensitive": false,
                    "type": "string",
                    "value": "ami-e98f7089"
                }
            },
            "resources": {},
            "depends_on": []
        },
        {
            "path": [
                "root",
                "queue-server",
                "ubuntu"
            ],
            "outputs": {
                "ami_id": {
                    "sensitive": false,
                    "type": "string",
                    "value": "ami-8c4cb0ec"
                }
            },
            "resources": {},
            "depends_on": []
        },
        {
            "path": [
                "root",
                "redis-cache",
                "redis-asg"
            ],
            "outputs": {},
            "resources": {
                "aws_autoscaling_group.default": {
                    "type": "aws_autoscaling_group",
                    "depends_on": [],
                    "primary": {
                        "id": "redis-cache",
                        "attributes": {
                            "availability_zones.#": "3",
                            "availability_zones.2050015877": "us-west-2c",
                            "availability_zones.221770259": "us-west-2b",
                            "availability_zones.2487133097": "us-west-2a",
                            "default_cooldown": "300",
                            "desired_capacity": "1",
                            "force_delete": "false",
                            "health_check_grace_period": "300",
                            "health_check_type": "EC2",
                            "id": "redis-cache",
                            "launch_configuration": "redis-cache-v1-bfbmnqvxobefpafjypktl3dlzq",
                            "load_balancers.#": "0",
                            "max_size": "1",
                            "metrics_granularity": "1Minute",
                            "min_size": "0",
                            "name": "redis-cache",
                            "placement_group": "",
                            "protect_from_scale_in": "false",
                            "tag.#": "4",
                            "tag.1993808489.key": "Service",
                            "tag.1993808489.propagate_at_launch": "true",
                            "tag.1993808489.value": "redis-cache",
                            "tag.2911109446.key": "Env",
                            "tag.2911109446.propagate_at_launch": "true",
                            "tag.2911109446.value": "dev",
                            "tag.79877695.key": "Type",
                            "tag.79877695.propagate_at_launch": "true",
                            "tag.79877695.value": "redis",
                            "tag.98233222.key": "Name",
                            "tag.98233222.propagate_at_launch": "true",
                            "tag.98233222.value": "redis-cache-v1",
                            "target_group_arns.#": "0",
                            "termination_policies.#": "0",
                            "vpc_zone_identifier.#": "3",
                            "vpc_zone_identifier.3139290232": "subnet-dc3549aa",
                            "vpc_zone_identifier.3544901239": "subnet-3a7e5a5e",
                            "vpc_zone_identifier.53804767": "subnet-27ba067f",
                            "wait_for_capacity_timeout": "10m"
                        },
                        "meta": {},
                        "tainted": false
                    },
                    "deposed": [],
                    "provider": ""
                }
            },
            "depends_on": []
        },
        {
            "path": [
                "root",
                "redis-cache",
                "redis-lc"
            ],
            "outputs": {
                "name": {
                    "sensitive": false,
                    "type": "string",
                    "value": "redis-cache-v1-bfbmnqvxobefpafjypktl3dlzq"
                }
            },
            "resources": {
                "aws_launch_configuration.default": {
                    "type": "aws_launch_configuration",
                    "depends_on": [
                        "data.template_file.user_data"
                    ],
                    "primary": {
                        "id": "redis-cache-v1-bfbmnqvxobefpafjypktl3dlzq",
                        "attributes": {
                            "associate_public_ip_address": "false",
                            "ebs_block_device.#": "0",
                            "ebs_optimized": "false",
                            "enable_monitoring": "false",
                            "ephemeral_block_device.#": "0",
                            "iam_instance_profile": "redis",
                            "id": "redis-cache-v1-bfbmnqvxobefpafjypktl3dlzq",
                            "image_id": "ami-23d00643",
                            "instance_type": "t2.micro",
                            "key_name": "navopt-us-west-2-dev",
                            "name": "redis-cache-v1-bfbmnqvxobefpafjypktl3dlzq",
                            "name_prefix": "redis-cache-v1-",
                            "root_block_device.#": "0",
                            "security_groups.#": "1",
                            "security_groups.155066119": "sg-5904e520",
                            "spot_price": "",
                            "user_data": "aa2c4ff04c51719aa22cccee753f2aef9896b3f3",
                            "vpc_classic_link_id": "",
                            "vpc_classic_link_security_groups.#": "0"
                        },
                        "meta": {},
                        "tainted": false
                    },
                    "deposed": [],
                    "provider": ""
                },
                "data.template_file.user_data": {
                    "type": "template_file",
                    "depends_on": [],
                    "primary": {
                        "id": "2c2f8075f61a0e1821be0c8c70702fbffc2e2b5c84405a6f759e689c6a2ef1fc",
                        "attributes": {
                            "id": "2c2f8075f61a0e1821be0c8c70702fbffc2e2b5c84405a6f759e689c6a2ef1fc",
                            "rendered": "#!/bin/bash\n\nset -euv\n\n/bin/cat \u003c\u003cEOF \u003e /etc/navoptenv.json\n{\n    \"app\": \"navopt\",\n    \"env\": \"dev\",\n    \"service\": \"redis-cache\",\n    \"type\": \"redis\",\n    \"zone_name\": \"navopt-dev.cloudera.com\",\n    \"datadog_api_key\": \"450d437e4234a90b04a15396bd2a83b8\",\n    \"redis_backup_file\": \"\",\n    \"redis_quorum_size\": \"1\",\n    \"redis_backups_enabled\": \"false\"\n}\nEOF\n\n/bin/cat \u003c\u003cEOF \u003e /etc/dd-agent/datadog.conf\n[Main]\n\ndd_url: https://app.datadoghq.com\napi_key: 450d437e4234a90b04a15396bd2a83b8\nuse_mount: no\n\ntags: app:navopt, env:dev, service:redis-cache, type:redis\nEOF\n\n/bin/chown dd-agent /etc/dd-agent/datadog.conf\n/usr/sbin/service datadog-agent start\n/usr/sbin/service redis-server restart\n",
                            "template": "#!/bin/bash\n\nset -euv\n\n/bin/cat \u003c\u003cEOF \u003e /etc/navoptenv.json\n{\n    \"app\": \"${app}\",\n    \"env\": \"${env}\",\n    \"service\": \"${service}\",\n    \"type\": \"${type}\",\n    \"zone_name\": \"${zone_name}\",\n    \"datadog_api_key\": \"${datadog_api_key}\",\n    \"redis_backup_file\": \"${redis_backup_file}\",\n    \"redis_quorum_size\": \"${redis_quorum_size}\",\n    \"redis_backups_enabled\": \"${redis_backups_enabled}\"\n}\nEOF\n\n/bin/cat \u003c\u003cEOF \u003e /etc/dd-agent/datadog.conf\n[Main]\n\ndd_url: https://app.datadoghq.com\napi_key: ${datadog_api_key}\nuse_mount: no\n\ntags: app:${app}, env:${env}, service:${service}, type:${type}\nEOF\n\n/bin/chown dd-agent /etc/dd-agent/datadog.conf\n/usr/sbin/service datadog-agent start\n/usr/sbin/service redis-server restart\n",
                            "vars.%": "9",
                            "vars.app": "navopt",
                            "vars.datadog_api_key": "450d437e4234a90b04a15396bd2a83b8",
                            "vars.env": "dev",
                            "vars.redis_backup_file": "",
                            "vars.redis_backups_enabled": "false",
                            "vars.redis_quorum_size": "1",
                            "vars.service": "redis-cache",
                            "vars.type": "redis",
                            "vars.zone_name": "navopt-dev.cloudera.com"
                        },
                        "meta": {},
                        "tainted": false
                    },
                    "deposed": [],
                    "provider": ""
                }
            },
            "depends_on": []
        },
        {
            "path": [
                "root",
                "dbsilo1",
                "redis",
                "redis-asg"
            ],
            "outputs": {},
            "resources": {
                "aws_autoscaling_group.default": {
                    "type": "aws_autoscaling_group",
                    "depends_on": [],
                    "primary": {
                        "id": "dev-dbsilo1-redis",
                        "attributes": {
                            "availability_zones.#": "3",
                            "availability_zones.2050015877": "us-west-2c",
                            "availability_zones.221770259": "us-west-2b",
                            "availability_zones.2487133097": "us-west-2a",
                            "default_cooldown": "300",
                            "desired_capacity": "3",
                            "force_delete": "false",
                            "health_check_grace_period": "300",
                            "health_check_type": "EC2",
                            "id": "dev-dbsilo1-redis",
                            "launch_configuration": "dev-dbsilo1-redis-v1-whwgxrkqffc7pcwtuhslkxd5nm",
                            "load_balancers.#": "0",
                            "max_size": "3",
                            "metrics_granularity": "1Minute",
                            "min_size": "0",
                            "name": "dev-dbsilo1-redis",
                            "placement_group": "",
                            "protect_from_scale_in": "false",
                            "tag.#": "4",
                            "tag.1802810232.key": "Service",
                            "tag.1802810232.propagate_at_launch": "true",
                            "tag.1802810232.value": "dbsilo1-redis",
                            "tag.2911109446.key": "Env",
                            "tag.2911109446.propagate_at_launch": "true",
                            "tag.2911109446.value": "dev",
                            "tag.494085623.key": "Name",
                            "tag.494085623.propagate_at_launch": "true",
                            "tag.494085623.value": "dev-dbsilo1-redis-v1",
                            "tag.79877695.key": "Type",
                            "tag.79877695.propagate_at_launch": "true",
                            "tag.79877695.value": "redis",
                            "target_group_arns.#": "0",
                            "termination_policies.#": "0",
                            "vpc_zone_identifier.#": "3",
                            "vpc_zone_identifier.3139290232": "subnet-dc3549aa",
                            "vpc_zone_identifier.3544901239": "subnet-3a7e5a5e",
                            "vpc_zone_identifier.53804767": "subnet-27ba067f",
                            "wait_for_capacity_timeout": "10m"
                        },
                        "meta": {},
                        "tainted": false
                    },
                    "deposed": [],
                    "provider": ""
                }
            },
            "depends_on": []
        },
        {
            "path": [
                "root",
                "dbsilo1",
                "redis",
                "redis-lc"
            ],
            "outputs": {
                "name": {
                    "sensitive": false,
                    "type": "string",
                    "value": "dev-dbsilo1-redis-v1-whwgxrkqffc7pcwtuhslkxd5nm"
                }
            },
            "resources": {
                "aws_launch_configuration.default": {
                    "type": "aws_launch_configuration",
                    "depends_on": [
                        "data.template_file.user_data"
                    ],
                    "primary": {
                        "id": "dev-dbsilo1-redis-v1-whwgxrkqffc7pcwtuhslkxd5nm",
                        "attributes": {
                            "associate_public_ip_address": "false",
                            "ebs_block_device.#": "0",
                            "ebs_optimized": "false",
                            "enable_monitoring": "false",
                            "ephemeral_block_device.#": "0",
                            "iam_instance_profile": "redis",
                            "id": "dev-dbsilo1-redis-v1-whwgxrkqffc7pcwtuhslkxd5nm",
                            "image_id": "ami-4bdf092b",
                            "instance_type": "t2.micro",
                            "key_name": "navopt-us-west-2-dev",
                            "name": "dev-dbsilo1-redis-v1-whwgxrkqffc7pcwtuhslkxd5nm",
                            "name_prefix": "dev-dbsilo1-redis-v1-",
                            "root_block_device.#": "0",
                            "security_groups.#": "1",
                            "security_groups.155066119": "sg-5904e520",
                            "spot_price": "",
                            "user_data": "f35cb6c7fe07c331a4bba1c13a053a3dbf1ee7c7",
                            "vpc_classic_link_id": "",
                            "vpc_classic_link_security_groups.#": "0"
                        },
                        "meta": {},
                        "tainted": false
                    },
                    "deposed": [],
                    "provider": ""
                },
                "data.template_file.user_data": {
                    "type": "template_file",
                    "depends_on": [],
                    "primary": {
                        "id": "fe673f8e8a5d9cba63300a8a7bfb96394150ec373776b98a6e629bd9e7a9ba34",
                        "attributes": {
                            "id": "fe673f8e8a5d9cba63300a8a7bfb96394150ec373776b98a6e629bd9e7a9ba34",
                            "rendered": "#!/bin/bash\n\nset -euv\n\n/bin/cat \u003c\u003cEOF \u003e /etc/navoptenv.json\n{\n    \"app\": \"navopt\",\n    \"env\": \"dev\",\n    \"service\": \"dbsilo1-redis\",\n    \"type\": \"redis\",\n    \"zone_name\": \"navopt-dev.cloudera.com\",\n    \"datadog_api_key\": \"450d437e4234a90b04a15396bd2a83b8\",\n    \"redis_backup_file\": \"\",\n    \"redis_quorum_size\": \"2\",\n    \"redis_backups_enabled\": \"true\"\n}\nEOF\n\n/bin/cat \u003c\u003cEOF \u003e /etc/dd-agent/datadog.conf\n[Main]\n\ndd_url: https://app.datadoghq.com\napi_key: 450d437e4234a90b04a15396bd2a83b8\nuse_mount: no\n\ntags: app:navopt, env:dev, service:dbsilo1-redis, type:redis\nEOF\n\n/bin/chown dd-agent /etc/dd-agent/datadog.conf\n/usr/sbin/service datadog-agent start\n/usr/sbin/service redis-server restart\n",
                            "template": "#!/bin/bash\n\nset -euv\n\n/bin/cat \u003c\u003cEOF \u003e /etc/navoptenv.json\n{\n    \"app\": \"${app}\",\n    \"env\": \"${env}\",\n    \"service\": \"${service}\",\n    \"type\": \"${type}\",\n    \"zone_name\": \"${zone_name}\",\n    \"datadog_api_key\": \"${datadog_api_key}\",\n    \"redis_backup_file\": \"${redis_backup_file}\",\n    \"redis_quorum_size\": \"${redis_quorum_size}\",\n    \"redis_backups_enabled\": \"${redis_backups_enabled}\"\n}\nEOF\n\n/bin/cat \u003c\u003cEOF \u003e /etc/dd-agent/datadog.conf\n[Main]\n\ndd_url: https://app.datadoghq.com\napi_key: ${datadog_api_key}\nuse_mount: no\n\ntags: app:${app}, env:${env}, service:${service}, type:${type}\nEOF\n\n/bin/chown dd-agent /etc/dd-agent/datadog.conf\n/usr/sbin/service datadog-agent start\n/usr/sbin/service redis-server restart\n",
                            "vars.%": "9",
                            "vars.app": "navopt",
                            "vars.datadog_api_key": "450d437e4234a90b04a15396bd2a83b8",
                            "vars.env": "dev",
                            "vars.redis_backup_file": "",
                            "vars.redis_backups_enabled": "true",
                            "vars.redis_quorum_size": "2",
                            "vars.service": "dbsilo1-redis",
                            "vars.type": "redis",
                            "vars.zone_name": "navopt-dev.cloudera.com"
                        },
                        "meta": {},
                        "tainted": false
                    },
                    "deposed": [],
                    "provider": ""
                }
            },
            "depends_on": []
        },
        {
            "path": [
                "root",
                "logging",
                "kibana",
                "ubuntu"
            ],
            "outputs": {
                "ami_id": {
                    "sensitive": false,
                    "type": "string",
                    "value": "ami-8c4cb0ec"
                }
            },
            "resources": {},
            "depends_on": []
        },
        {
            "path": [
                "root",
                "logging",
                "logstash",
                "ubuntu"
            ],
            "outputs": {
                "ami_id": {
                    "sensitive": false,
                    "type": "string",
                    "value": "ami-8c4cb0ec"
                }
            },
            "resources": {},
            "depends_on": []
        },
        {
            "path": [
                "root",
                "logging",
                "redis-log",
                "redis-asg"
            ],
            "outputs": {},
            "resources": {
                "aws_autoscaling_group.default": {
                    "type": "aws_autoscaling_group",
                    "depends_on": [],
                    "primary": {
                        "id": "logging-redis",
                        "attributes": {
                            "availability_zones.#": "3",
                            "availability_zones.2050015877": "us-west-2c",
                            "availability_zones.221770259": "us-west-2b",
                            "availability_zones.2487133097": "us-west-2a",
                            "default_cooldown": "300",
                            "desired_capacity": "1",
                            "force_delete": "false",
                            "health_check_grace_period": "300",
                            "health_check_type": "EC2",
                            "id": "logging-redis",
                            "launch_configuration": "logging-redis-v1-tmgekkxz25anbagilibmvu7wyi",
                            "load_balancers.#": "0",
                            "max_size": "1",
                            "metrics_granularity": "1Minute",
                            "min_size": "0",
                            "name": "logging-redis",
                            "placement_group": "",
                            "protect_from_scale_in": "false",
                            "tag.#": "4",
                            "tag.2911109446.key": "Env",
                            "tag.2911109446.propagate_at_launch": "true",
                            "tag.2911109446.value": "dev",
                            "tag.724654933.key": "Name",
                            "tag.724654933.propagate_at_launch": "true",
                            "tag.724654933.value": "logging-redis-v1",
                            "tag.724818507.key": "Service",
                            "tag.724818507.propagate_at_launch": "true",
                            "tag.724818507.value": "redis-log",
                            "tag.79877695.key": "Type",
                            "tag.79877695.propagate_at_launch": "true",
                            "tag.79877695.value": "redis",
                            "target_group_arns.#": "0",
                            "termination_policies.#": "0",
                            "vpc_zone_identifier.#": "3",
                            "vpc_zone_identifier.3139290232": "subnet-dc3549aa",
                            "vpc_zone_identifier.3544901239": "subnet-3a7e5a5e",
                            "vpc_zone_identifier.53804767": "subnet-27ba067f",
                            "wait_for_capacity_timeout": "10m"
                        },
                        "meta": {},
                        "tainted": false
                    },
                    "deposed": [],
                    "provider": ""
                }
            },
            "depends_on": []
        },
        {
            "path": [
                "root",
                "logging",
                "redis-log",
                "redis-lc"
            ],
            "outputs": {
                "name": {
                    "sensitive": false,
                    "type": "string",
                    "value": "logging-redis-v1-tmgekkxz25anbagilibmvu7wyi"
                }
            },
            "resources": {
                "aws_launch_configuration.default": {
                    "type": "aws_launch_configuration",
                    "depends_on": [
                        "data.template_file.user_data"
                    ],
                    "primary": {
                        "id": "logging-redis-v1-tmgekkxz25anbagilibmvu7wyi",
                        "attributes": {
                            "associate_public_ip_address": "false",
                            "ebs_block_device.#": "0",
                            "ebs_optimized": "false",
                            "enable_monitoring": "false",
                            "ephemeral_block_device.#": "0",
                            "iam_instance_profile": "redis",
                            "id": "logging-redis-v1-tmgekkxz25anbagilibmvu7wyi",
                            "image_id": "ami-23d00643",
                            "instance_type": "t2.micro",
                            "key_name": "navopt-us-west-2-dev",
                            "name": "logging-redis-v1-tmgekkxz25anbagilibmvu7wyi",
                            "name_prefix": "logging-redis-v1-",
                            "root_block_device.#": "0",
                            "security_groups.#": "1",
                            "security_groups.155066119": "sg-5904e520",
                            "spot_price": "",
                            "user_data": "e6d71b438c649e93fedbd517530d4a6702537d29",
                            "vpc_classic_link_id": "",
                            "vpc_classic_link_security_groups.#": "0"
                        },
                        "meta": {},
                        "tainted": false
                    },
                    "deposed": [],
                    "provider": ""
                },
                "data.template_file.user_data": {
                    "type": "template_file",
                    "depends_on": [],
                    "primary": {
                        "id": "d31953271ea0be3843f51c9a2532f145d8ebb4df65bf7a983d857e956f1b25f3",
                        "attributes": {
                            "id": "d31953271ea0be3843f51c9a2532f145d8ebb4df65bf7a983d857e956f1b25f3",
                            "rendered": "#!/bin/bash\n\nset -euv\n\n/bin/cat \u003c\u003cEOF \u003e /etc/navoptenv.json\n{\n    \"app\": \"navopt\",\n    \"env\": \"dev\",\n    \"service\": \"redis-log\",\n    \"type\": \"redis\",\n    \"zone_name\": \"navopt-dev.cloudera.com\",\n    \"datadog_api_key\": \"450d437e4234a90b04a15396bd2a83b8\",\n    \"redis_backup_file\": \"\",\n    \"redis_quorum_size\": \"1\",\n    \"redis_backups_enabled\": \"false\"\n}\nEOF\n\n/bin/cat \u003c\u003cEOF \u003e /etc/dd-agent/datadog.conf\n[Main]\n\ndd_url: https://app.datadoghq.com\napi_key: 450d437e4234a90b04a15396bd2a83b8\nuse_mount: no\n\ntags: app:navopt, env:dev, service:redis-log, type:redis\nEOF\n\n/bin/chown dd-agent /etc/dd-agent/datadog.conf\n/usr/sbin/service datadog-agent start\n/usr/sbin/service redis-server restart\n",
                            "template": "#!/bin/bash\n\nset -euv\n\n/bin/cat \u003c\u003cEOF \u003e /etc/navoptenv.json\n{\n    \"app\": \"${app}\",\n    \"env\": \"${env}\",\n    \"service\": \"${service}\",\n    \"type\": \"${type}\",\n    \"zone_name\": \"${zone_name}\",\n    \"datadog_api_key\": \"${datadog_api_key}\",\n    \"redis_backup_file\": \"${redis_backup_file}\",\n    \"redis_quorum_size\": \"${redis_quorum_size}\",\n    \"redis_backups_enabled\": \"${redis_backups_enabled}\"\n}\nEOF\n\n/bin/cat \u003c\u003cEOF \u003e /etc/dd-agent/datadog.conf\n[Main]\n\ndd_url: https://app.datadoghq.com\napi_key: ${datadog_api_key}\nuse_mount: no\n\ntags: app:${app}, env:${env}, service:${service}, type:${type}\nEOF\n\n/bin/chown dd-agent /etc/dd-agent/datadog.conf\n/usr/sbin/service datadog-agent start\n/usr/sbin/service redis-server restart\n",
                            "vars.%": "9",
                            "vars.app": "navopt",
                            "vars.datadog_api_key": "450d437e4234a90b04a15396bd2a83b8",
                            "vars.env": "dev",
                            "vars.redis_backup_file": "",
                            "vars.redis_backups_enabled": "false",
                            "vars.redis_quorum_size": "1",
                            "vars.service": "redis-log",
                            "vars.type": "redis",
                            "vars.zone_name": "navopt-dev.cloudera.com"
                        },
                        "meta": {},
                        "tainted": false
                    },
                    "deposed": [],
                    "provider": ""
                }
            },
            "depends_on": []
        }
    ]
}
